// !$*UTF8*$!
{
	archiveVersion = 1;
	classes = {
	};
	objectVersion = 46;
	objects = {

/* Begin PBXBuildFile section */
		003D204D25082161368113CC /* win.cc in Sources */ = {isa = PBXBuildFile; fileRef = 6F9AE469CBDD3712305BB8B9 /* win.cc */; };
		014058944CFE6AE1A2171D12 /* OscTypes.cpp in Sources */ = {isa = PBXBuildFile; fileRef = 0BF2C3D22217F4607658D67D /* OscTypes.cpp */; };
		1008E12EC52F9A6735082236 /* ofxUILabel.cpp in Sources */ = {isa = PBXBuildFile; fileRef = 9867DBDADFC90454A11A5219 /* ofxUILabel.cpp */; };
		125939C91D0148773985F009 /* ofxUISpacer.cpp in Sources */ = {isa = PBXBuildFile; fileRef = D9ADFD76185380F92E3FEF5E /* ofxUISpacer.cpp */; };
		17CAD9309C83489C190653B6 /* ofxUISpectrum.cpp in Sources */ = {isa = PBXBuildFile; fileRef = 169DE09B3A680C1DC51E3644 /* ofxUISpectrum.cpp */; };
		1E1525D2ECDC75EA4BC22D91 /* ofxUIImageButton.cpp in Sources */ = {isa = PBXBuildFile; fileRef = 24718F8E7FD5DC549AC1AA47 /* ofxUIImageButton.cpp */; };
		2AF670D1984FB850CD130ECD /* ofxUIFPS.cpp in Sources */ = {isa = PBXBuildFile; fileRef = 4862F6D92D00C0AA3ADE1420 /* ofxUIFPS.cpp */; };
		2D2B3E5C037E3973CE36A766 /* ofxUIMultiImageToggle.cpp in Sources */ = {isa = PBXBuildFile; fileRef = AFCFF09A67D81C29E9E99221 /* ofxUIMultiImageToggle.cpp */; };
		33A7D5300E08636D9C415964 /* serial.cc in Sources */ = {isa = PBXBuildFile; fileRef = A23E433CAC3C1CFC95DB8BF6 /* serial.cc */; };
		3A160602504FC7ADC66D539F /* ofxUIImageSampler.cpp in Sources */ = {isa = PBXBuildFile; fileRef = 6D619D03F7DEBBAD847CEAF2 /* ofxUIImageSampler.cpp */; };
		40F8E3F7627F83C74FD9086A /* ofxOscBundle.cpp in Sources */ = {isa = PBXBuildFile; fileRef = 673AFCBC7323D2A93120A7A2 /* ofxOscBundle.cpp */; };
		45856715D4FD8D39DDB28D6A /* ofxUILabelToggle.cpp in Sources */ = {isa = PBXBuildFile; fileRef = CD90DE7AFF324F6E88F9E812 /* ofxUILabelToggle.cpp */; };
		48CB745AADCB92C62D93FCAC /* ofxUIScrollableCanvas.cpp in Sources */ = {isa = PBXBuildFile; fileRef = D003D0F521227F2B878809BB /* ofxUIScrollableCanvas.cpp */; };
		4BD0236D01EC29BB1805C576 /* ofxUIMultiImageButton.cpp in Sources */ = {isa = PBXBuildFile; fileRef = 9BB93D8C9F763F71ACE84464 /* ofxUIMultiImageButton.cpp */; };
		50D8C5FF197A82D63F6A764E /* ofxUIMinimalSlider.cpp in Sources */ = {isa = PBXBuildFile; fileRef = 1122629B63D710D5689A89C1 /* ofxUIMinimalSlider.cpp */; };
		56EE6128358C378992FA0696 /* ofxUIRadio.cpp in Sources */ = {isa = PBXBuildFile; fileRef = 87BF799582426E0FCE091B4D /* ofxUIRadio.cpp */; };
		65A9A17E1994252F00F3C2B2 /* tinyxml.cpp in Sources */ = {isa = PBXBuildFile; fileRef = 65A9A1771994252F00F3C2B2 /* tinyxml.cpp */; };
		65A9A17F1994252F00F3C2B2 /* tinyxmlerror.cpp in Sources */ = {isa = PBXBuildFile; fileRef = 65A9A1791994252F00F3C2B2 /* tinyxmlerror.cpp */; };
		65A9A1801994252F00F3C2B2 /* tinyxmlparser.cpp in Sources */ = {isa = PBXBuildFile; fileRef = 65A9A17A1994252F00F3C2B2 /* tinyxmlparser.cpp */; };
		65A9A1811994252F00F3C2B2 /* ofxXmlSettings.cpp in Sources */ = {isa = PBXBuildFile; fileRef = 65A9A17C1994252F00F3C2B2 /* ofxXmlSettings.cpp */; };
		65EDFF0D19A0F8650095AE6E /* sqlite3.c in Sources */ = {isa = PBXBuildFile; fileRef = 65EDFEF319A0F8640095AE6E /* sqlite3.c */; };
		65EDFF0E19A0F8650095AE6E /* Column.cpp in Sources */ = {isa = PBXBuildFile; fileRef = 65EDFEF719A0F8640095AE6E /* Column.cpp */; };
		65EDFF0F19A0F8650095AE6E /* Database.cpp in Sources */ = {isa = PBXBuildFile; fileRef = 65EDFEF919A0F8640095AE6E /* Database.cpp */; };
		65EDFF1019A0F8650095AE6E /* Statement.cpp in Sources */ = {isa = PBXBuildFile; fileRef = 65EDFEFD19A0F8650095AE6E /* Statement.cpp */; };
		65EDFF1119A0F8650095AE6E /* Transaction.cpp in Sources */ = {isa = PBXBuildFile; fileRef = 65EDFEFF19A0F8650095AE6E /* Transaction.cpp */; };
		65EDFF2419A0FA930095AE6E /* Analyzer.cpp in Sources */ = {isa = PBXBuildFile; fileRef = 65EDFF2219A0FA930095AE6E /* Analyzer.cpp */; };
		65EDFF2A19A0FAD70095AE6E /* AudioInput.cpp in Sources */ = {isa = PBXBuildFile; fileRef = 65EDFF2819A0FAD70095AE6E /* AudioInput.cpp */; };
		65EDFF2D19A0FAE80095AE6E /* VideoInput.cpp in Sources */ = {isa = PBXBuildFile; fileRef = 65EDFF2B19A0FAE80095AE6E /* VideoInput.cpp */; };
		65EDFF3019A0FAF70095AE6E /* Feedback.cpp in Sources */ = {isa = PBXBuildFile; fileRef = 65EDFF2E19A0FAF70095AE6E /* Feedback.cpp */; };
		6823F4B976F27134DE4475CF /* ofxUI2DPad.cpp in Sources */ = {isa = PBXBuildFile; fileRef = C1B9244B7D12ED7F3DA69968 /* ofxUI2DPad.cpp */; };
		6C503756DAFDCF2FEEE0EAA0 /* ofxOscMessage.cpp in Sources */ = {isa = PBXBuildFile; fileRef = 8A844876A71DBD7546201CC6 /* ofxOscMessage.cpp */; };
		6F2D739BB67B61B0D43AB5BD /* ofxOscReceiver.cpp in Sources */ = {isa = PBXBuildFile; fileRef = B34D2935437BD95ED6DA2A59 /* ofxOscReceiver.cpp */; };
		78D58CC3C4BDA2D3D0CA8D31 /* ofxUIWaveform.cpp in Sources */ = {isa = PBXBuildFile; fileRef = 8B0B91449B395C88BAC92CA8 /* ofxUIWaveform.cpp */; };
		7F2D0D9078C18F0E356FB31D /* ofxUIEventArgs.cpp in Sources */ = {isa = PBXBuildFile; fileRef = 861A0D1D403744FE7C165A18 /* ofxUIEventArgs.cpp */; };
		7F374B126052C645BC8825A7 /* ofxUIValuePlotter.cpp in Sources */ = {isa = PBXBuildFile; fileRef = AA57C569E83388C237E8762B /* ofxUIValuePlotter.cpp */; };
		81D8958D98E7BB7EBA1541AF /* ofxUINumberDialer.cpp in Sources */ = {isa = PBXBuildFile; fileRef = C8149463B006FA2747A85DD5 /* ofxUINumberDialer.cpp */; };
		833CDA797CF361303BB73FF2 /* ofxUIMovingGraph.cpp in Sources */ = {isa = PBXBuildFile; fileRef = D552F5388348F2046FCE61EE /* ofxUIMovingGraph.cpp */; };
		859B80508E444B57021FF05D /* ofxUIBiLabelSlider.cpp in Sources */ = {isa = PBXBuildFile; fileRef = 8426DEE8323E5091D3C95D7E /* ofxUIBiLabelSlider.cpp */; };
		866ACEB977FAB3191AD48906 /* ofxOscSender.cpp in Sources */ = {isa = PBXBuildFile; fileRef = 7B2BAA0F221902291E676F45 /* ofxOscSender.cpp */; };
		884140A60B4F61F22809ACFE /* ofxUIImageSlider.cpp in Sources */ = {isa = PBXBuildFile; fileRef = B4939CD16E34BD4D2BCE2876 /* ofxUIImageSlider.cpp */; };
		8C067B5A6FF15ECF56D639B3 /* ofxUIDropDownList.cpp in Sources */ = {isa = PBXBuildFile; fileRef = E6F14E0E6167B8EFCC93EA36 /* ofxUIDropDownList.cpp */; };
		8D3B3305C87C3AA654BC3249 /* ofxUISortableList.cpp in Sources */ = {isa = PBXBuildFile; fileRef = 76EA76EF69563B46ED98941F /* ofxUISortableList.cpp */; };
		90F3D053D0B988FCD8E0665A /* ofxUIButton.cpp in Sources */ = {isa = PBXBuildFile; fileRef = 6183DF553DAE91BAF104F03D /* ofxUIButton.cpp */; };
		915E00F530CD3B6206148185 /* ofxUICircleSlider.cpp in Sources */ = {isa = PBXBuildFile; fileRef = 5F26449247C755E7EAA51AC0 /* ofxUICircleSlider.cpp */; };
		963A4D13E79E8425C67C6866 /* ofxUI2DGraph.cpp in Sources */ = {isa = PBXBuildFile; fileRef = EBD2EA438C51153A1BA3289D /* ofxUI2DGraph.cpp */; };
		9753D2F373BDF97B89D59B33 /* OscPrintReceivedElements.cpp in Sources */ = {isa = PBXBuildFile; fileRef = C529D43984024AF697ABF518 /* OscPrintReceivedElements.cpp */; };
		9FCE97BCDE144A0E12FAE873 /* ofxUIRotarySlider.cpp in Sources */ = {isa = PBXBuildFile; fileRef = 906E665F34821337AEC29259 /* ofxUIRotarySlider.cpp */; };
		A857235EB7F8624F0C02D157 /* OscOutboundPacketStream.cpp in Sources */ = {isa = PBXBuildFile; fileRef = 842C081DBEA090E7F737DF9A /* OscOutboundPacketStream.cpp */; };
		ADB17A4B0E391BA45F94A7AA /* ofxUIDragableLabelButton.cpp in Sources */ = {isa = PBXBuildFile; fileRef = 61CF7239F6DF326C4C318080 /* ofxUIDragableLabelButton.cpp */; };
		AF2ED92310AA8151DD57C8E7 /* NetworkingUtilsWin.cpp in Sources */ = {isa = PBXBuildFile; fileRef = CC9BEB01A3AF97A1D0D2A7D6 /* NetworkingUtilsWin.cpp */; };
		B2C9DA5ADE105E40685A3FE4 /* ofxUIFPSSlider.cpp in Sources */ = {isa = PBXBuildFile; fileRef = B7C62C5CC37F5F9A5F739E0C /* ofxUIFPSSlider.cpp */; };
		B697A6C31D28846FEBF087AF /* ofxUISlider.cpp in Sources */ = {isa = PBXBuildFile; fileRef = 28E8BDC9D17CC55DB15C7D17 /* ofxUISlider.cpp */; };
		BBAB23CB13894F3D00AA2426 /* GLUT.framework in CopyFiles */ = {isa = PBXBuildFile; fileRef = BBAB23BE13894E4700AA2426 /* GLUT.framework */; };
		BDB249B426913C517C2CCE5B /* ofxUIToggleMatrix.cpp in Sources */ = {isa = PBXBuildFile; fileRef = 28CC463EBB5EC807618BE9D6 /* ofxUIToggleMatrix.cpp */; };
		BE25035A8B1C9C8DFFD50858 /* ofxUIRectangle.cpp in Sources */ = {isa = PBXBuildFile; fileRef = E1F00C0A33A53C25F1DB941D /* ofxUIRectangle.cpp */; };
		C15AE7D09EDBDDDA86890752 /* unix.cc in Sources */ = {isa = PBXBuildFile; fileRef = 63875434A9786FDC700C3266 /* unix.cc */; };
		C93D3E65FCD0C141D7C384A4 /* ofxUIRangeSlider.cpp in Sources */ = {isa = PBXBuildFile; fileRef = 863D6F252A05AA07800F2CFF /* ofxUIRangeSlider.cpp */; };
		C9651B24B869083F299EFA4D /* UdpSocket.cpp in Sources */ = {isa = PBXBuildFile; fileRef = 28BB671FAE846D1979E878D2 /* UdpSocket.cpp */; };
		C9D9F5077806966A166750A1 /* ofxUITextInput.cpp in Sources */ = {isa = PBXBuildFile; fileRef = 803B54F6633FF3557A0F7505 /* ofxUITextInput.cpp */; };
		CB41FEEB32458564AD78EE87 /* UdpSocketWin.cpp in Sources */ = {isa = PBXBuildFile; fileRef = AD6C661358D56B4498A8A9BD /* UdpSocketWin.cpp */; };
		D312F950BA61735F52FF6814 /* ofxUIBaseDraws.cpp in Sources */ = {isa = PBXBuildFile; fileRef = CD404B60813848D2BE4A66AE /* ofxUIBaseDraws.cpp */; };
		D65873F81B07E92213914E5F /* ofxUIWidget.cpp in Sources */ = {isa = PBXBuildFile; fileRef = 34D3CEB701ADE58D28B9E792 /* ofxUIWidget.cpp */; };
		DBB73811B127DAE7DE28C895 /* ofxOscParameterSync.cpp in Sources */ = {isa = PBXBuildFile; fileRef = ACBFC30D00C04E86C8464ADE /* ofxOscParameterSync.cpp */; };
		E06EF7AB64E5290D0B6665C2 /* ofxUILabelButton.cpp in Sources */ = {isa = PBXBuildFile; fileRef = 2DD07F19C62EE9FB0D66A9D5 /* ofxUILabelButton.cpp */; };
		E0D024842704B98C29AFD72D /* ofxUITextArea.cpp in Sources */ = {isa = PBXBuildFile; fileRef = D6D1523417F24DDFE3107A52 /* ofxUITextArea.cpp */; };
		E32C6061AB40A7B95A2D5F06 /* ofxUIImage.cpp in Sources */ = {isa = PBXBuildFile; fileRef = F16AA73D550AE2C263A5CE8C /* ofxUIImage.cpp */; };
		E3F47921429D40F5AFB5B211 /* ofxUIToggle.cpp in Sources */ = {isa = PBXBuildFile; fileRef = B68FD4DF6A744EF169399F04 /* ofxUIToggle.cpp */; };
		E4328149138ABC9F0047C5CB /* openFrameworksDebug.a in Frameworks */ = {isa = PBXBuildFile; fileRef = E4328148138ABC890047C5CB /* openFrameworksDebug.a */; };
		E45BE97B0E8CC7DD009D7055 /* AGL.framework in Frameworks */ = {isa = PBXBuildFile; fileRef = E45BE9710E8CC7DD009D7055 /* AGL.framework */; };
		E45BE97C0E8CC7DD009D7055 /* ApplicationServices.framework in Frameworks */ = {isa = PBXBuildFile; fileRef = E45BE9720E8CC7DD009D7055 /* ApplicationServices.framework */; };
		E45BE97D0E8CC7DD009D7055 /* AudioToolbox.framework in Frameworks */ = {isa = PBXBuildFile; fileRef = E45BE9730E8CC7DD009D7055 /* AudioToolbox.framework */; };
		E45BE97F0E8CC7DD009D7055 /* CoreAudio.framework in Frameworks */ = {isa = PBXBuildFile; fileRef = E45BE9750E8CC7DD009D7055 /* CoreAudio.framework */; };
		E45BE9800E8CC7DD009D7055 /* CoreFoundation.framework in Frameworks */ = {isa = PBXBuildFile; fileRef = E45BE9760E8CC7DD009D7055 /* CoreFoundation.framework */; };
		E45BE9810E8CC7DD009D7055 /* CoreServices.framework in Frameworks */ = {isa = PBXBuildFile; fileRef = E45BE9770E8CC7DD009D7055 /* CoreServices.framework */; };
		E45BE9830E8CC7DD009D7055 /* OpenGL.framework in Frameworks */ = {isa = PBXBuildFile; fileRef = E45BE9790E8CC7DD009D7055 /* OpenGL.framework */; };
		E45BE9840E8CC7DD009D7055 /* QuickTime.framework in Frameworks */ = {isa = PBXBuildFile; fileRef = E45BE97A0E8CC7DD009D7055 /* QuickTime.framework */; };
		E4B69E200A3A1BDC003C02F2 /* main.cpp in Sources */ = {isa = PBXBuildFile; fileRef = E4B69E1D0A3A1BDC003C02F2 /* main.cpp */; };
		E4B69E210A3A1BDC003C02F2 /* ofApp.cpp in Sources */ = {isa = PBXBuildFile; fileRef = E4B69E1E0A3A1BDC003C02F2 /* ofApp.cpp */; };
		E4C2424710CC5A17004149E2 /* AppKit.framework in Frameworks */ = {isa = PBXBuildFile; fileRef = E4C2424410CC5A17004149E2 /* AppKit.framework */; };
		E4C2424810CC5A17004149E2 /* Cocoa.framework in Frameworks */ = {isa = PBXBuildFile; fileRef = E4C2424510CC5A17004149E2 /* Cocoa.framework */; };
		E4C2424910CC5A17004149E2 /* IOKit.framework in Frameworks */ = {isa = PBXBuildFile; fileRef = E4C2424610CC5A17004149E2 /* IOKit.framework */; };
		E4EB6799138ADC1D00A09F29 /* GLUT.framework in Frameworks */ = {isa = PBXBuildFile; fileRef = BBAB23BE13894E4700AA2426 /* GLUT.framework */; };
		E717C5A73BE4076EDBC728DC /* IpEndpointName.cpp in Sources */ = {isa = PBXBuildFile; fileRef = 6EE05DD94DAD5D94142391A8 /* IpEndpointName.cpp */; };
		E7E077E515D3B63C0020DFD4 /* CoreVideo.framework in Frameworks */ = {isa = PBXBuildFile; fileRef = E7E077E415D3B63C0020DFD4 /* CoreVideo.framework */; };
		E7E077E815D3B6510020DFD4 /* QTKit.framework in Frameworks */ = {isa = PBXBuildFile; fileRef = E7E077E715D3B6510020DFD4 /* QTKit.framework */; };
		E7F985F815E0DEA3003869B5 /* Accelerate.framework in Frameworks */ = {isa = PBXBuildFile; fileRef = E7F985F515E0DE99003869B5 /* Accelerate.framework */; };
		E9169FACA5153089A1CC1328 /* ofxUIImageToggle.cpp in Sources */ = {isa = PBXBuildFile; fileRef = 61DFC02CBB5E24B36F4E0710 /* ofxUIImageToggle.cpp */; };
		E94245483DA0C0517C9FED44 /* ofxThermalPrinter.cpp in Sources */ = {isa = PBXBuildFile; fileRef = C7A351A028B93BBEE2F08225 /* ofxThermalPrinter.cpp */; };
		F0509CA2E805D1D5F70A87D0 /* NetworkingUtils.cpp in Sources */ = {isa = PBXBuildFile; fileRef = F72D5263CF8609CF22E13BD6 /* NetworkingUtils.cpp */; };
		F265FF0B49705768728F4D75 /* ofxUIWidgetWithLabel.cpp in Sources */ = {isa = PBXBuildFile; fileRef = 36D88A44128C08168EC11AC1 /* ofxUIWidgetWithLabel.cpp */; };
		F5553C592E53CD1DB11CCB29 /* ofxUITabBar.cpp in Sources */ = {isa = PBXBuildFile; fileRef = BC43470B7D289E90E70C61A2 /* ofxUITabBar.cpp */; };
		F6F0633CD7D88D9DDB943CA5 /* ofxUICanvas.cpp in Sources */ = {isa = PBXBuildFile; fileRef = 6F8DEBB04960E223982CDABF /* ofxUICanvas.cpp */; };
		F95B04FD042E7407B70EE321 /* OscReceivedElements.cpp in Sources */ = {isa = PBXBuildFile; fileRef = 01571FD18D74B633FA614437 /* OscReceivedElements.cpp */; };
		FEAB15D67012B8BFC2A9D969 /* ofxUISuperCanvas.cpp in Sources */ = {isa = PBXBuildFile; fileRef = 29ECC02C053DC28A0DC2D3E8 /* ofxUISuperCanvas.cpp */; };
/* End PBXBuildFile section */

/* Begin PBXContainerItemProxy section */
		E4328147138ABC890047C5CB /* PBXContainerItemProxy */ = {
			isa = PBXContainerItemProxy;
			containerPortal = E4328143138ABC890047C5CB /* openFrameworksLib.xcodeproj */;
			proxyType = 2;
			remoteGlobalIDString = E4B27C1510CBEB8E00536013;
			remoteInfo = openFrameworks;
		};
		E4EEB9AB138B136A00A80321 /* PBXContainerItemProxy */ = {
			isa = PBXContainerItemProxy;
			containerPortal = E4328143138ABC890047C5CB /* openFrameworksLib.xcodeproj */;
			proxyType = 1;
			remoteGlobalIDString = E4B27C1410CBEB8E00536013;
			remoteInfo = openFrameworks;
		};
/* End PBXContainerItemProxy section */

/* Begin PBXCopyFilesBuildPhase section */
		E4C2427710CC5ABF004149E2 /* CopyFiles */ = {
			isa = PBXCopyFilesBuildPhase;
			buildActionMask = 2147483647;
			dstPath = "";
			dstSubfolderSpec = 10;
			files = (
				BBAB23CB13894F3D00AA2426 /* GLUT.framework in CopyFiles */,
			);
			runOnlyForDeploymentPostprocessing = 0;
		};
/* End PBXCopyFilesBuildPhase section */

/* Begin PBXFileReference section */
		01571FD18D74B633FA614437 /* OscReceivedElements.cpp */ = {isa = PBXFileReference; explicitFileType = sourcecode.cpp.cpp; fileEncoding = 30; name = OscReceivedElements.cpp; path = ../../addons/ofxOsc/libs/oscpack/src/osc/OscReceivedElements.cpp; sourceTree = SOURCE_ROOT; };
		043C1D7EE93333348C2622C2 /* ofxUIDragableLabelButton.h */ = {isa = PBXFileReference; explicitFileType = sourcecode.c.h; fileEncoding = 30; name = ofxUIDragableLabelButton.h; path = ../../addons/ofxUI/src/ofxUIDragableLabelButton.h; sourceTree = SOURCE_ROOT; };
		07240315F2210E6D0CA4BB3C /* TimerListener.h */ = {isa = PBXFileReference; explicitFileType = sourcecode.c.h; fileEncoding = 30; name = TimerListener.h; path = ../../addons/ofxOsc/libs/oscpack/src/ip/TimerListener.h; sourceTree = SOURCE_ROOT; };
		0BF2C3D22217F4607658D67D /* OscTypes.cpp */ = {isa = PBXFileReference; explicitFileType = sourcecode.cpp.cpp; fileEncoding = 30; name = OscTypes.cpp; path = ../../addons/ofxOsc/libs/oscpack/src/osc/OscTypes.cpp; sourceTree = SOURCE_ROOT; };
		100BF3DD9598682646FF5BD3 /* ofxOscParameterSync.h */ = {isa = PBXFileReference; explicitFileType = sourcecode.c.h; fileEncoding = 30; name = ofxOscParameterSync.h; path = ../../addons/ofxOsc/src/ofxOscParameterSync.h; sourceTree = SOURCE_ROOT; };
		1122629B63D710D5689A89C1 /* ofxUIMinimalSlider.cpp */ = {isa = PBXFileReference; explicitFileType = sourcecode.cpp.cpp; fileEncoding = 30; name = ofxUIMinimalSlider.cpp; path = ../../addons/ofxUI/src/ofxUIMinimalSlider.cpp; sourceTree = SOURCE_ROOT; };
		153F60E33CCCB6E2FF9CE543 /* ofxUIOFWrapper.h */ = {isa = PBXFileReference; explicitFileType = sourcecode.c.h; fileEncoding = 30; name = ofxUIOFWrapper.h; path = ../../addons/ofxUI/src/ofxUIOFWrapper.h; sourceTree = SOURCE_ROOT; };
		169DE09B3A680C1DC51E3644 /* ofxUISpectrum.cpp */ = {isa = PBXFileReference; explicitFileType = sourcecode.cpp.cpp; fileEncoding = 30; name = ofxUISpectrum.cpp; path = ../../addons/ofxUI/src/ofxUISpectrum.cpp; sourceTree = SOURCE_ROOT; };
		1BDE1DA5FD5B8618977DD50F /* serial.h */ = {isa = PBXFileReference; explicitFileType = sourcecode.c.h; fileEncoding = 30; name = serial.h; path = ../../addons/ofxThermalPrinter/src/serial.h; sourceTree = SOURCE_ROOT; };
		1D62E92EF3FAA346CCAE6E56 /* ofxUIRadio.h */ = {isa = PBXFileReference; explicitFileType = sourcecode.c.h; fileEncoding = 30; name = ofxUIRadio.h; path = ../../addons/ofxUI/src/ofxUIRadio.h; sourceTree = SOURCE_ROOT; };
		1E1B1EDCC8EBFD6C27F5F577 /* ofxUI2DPad.h */ = {isa = PBXFileReference; explicitFileType = sourcecode.c.h; fileEncoding = 30; name = ofxUI2DPad.h; path = ../../addons/ofxUI/src/ofxUI2DPad.h; sourceTree = SOURCE_ROOT; };
		1EC8F090F53493B67CD75AC4 /* ofxUILabelToggle.h */ = {isa = PBXFileReference; explicitFileType = sourcecode.c.h; fileEncoding = 30; name = ofxUILabelToggle.h; path = ../../addons/ofxUI/src/ofxUILabelToggle.h; sourceTree = SOURCE_ROOT; };
		1FDE58427019F9D7BF32E03D /* ofxUIImageToggle.h */ = {isa = PBXFileReference; explicitFileType = sourcecode.c.h; fileEncoding = 30; name = ofxUIImageToggle.h; path = ../../addons/ofxUI/src/ofxUIImageToggle.h; sourceTree = SOURCE_ROOT; };
		20C5041FA4F482ADA1FE2160 /* ofxUIRectangle.h */ = {isa = PBXFileReference; explicitFileType = sourcecode.c.h; fileEncoding = 30; name = ofxUIRectangle.h; path = ../../addons/ofxUI/src/ofxUIRectangle.h; sourceTree = SOURCE_ROOT; };
		24718F8E7FD5DC549AC1AA47 /* ofxUIImageButton.cpp */ = {isa = PBXFileReference; explicitFileType = sourcecode.cpp.cpp; fileEncoding = 30; name = ofxUIImageButton.cpp; path = ../../addons/ofxUI/src/ofxUIImageButton.cpp; sourceTree = SOURCE_ROOT; };
		28BB671FAE846D1979E878D2 /* UdpSocket.cpp */ = {isa = PBXFileReference; explicitFileType = sourcecode.cpp.cpp; fileEncoding = 30; name = UdpSocket.cpp; path = ../../addons/ofxOsc/libs/oscpack/src/ip/posix/UdpSocket.cpp; sourceTree = SOURCE_ROOT; };
		28CC463EBB5EC807618BE9D6 /* ofxUIToggleMatrix.cpp */ = {isa = PBXFileReference; explicitFileType = sourcecode.cpp.cpp; fileEncoding = 30; name = ofxUIToggleMatrix.cpp; path = ../../addons/ofxUI/src/ofxUIToggleMatrix.cpp; sourceTree = SOURCE_ROOT; };
		28E8BDC9D17CC55DB15C7D17 /* ofxUISlider.cpp */ = {isa = PBXFileReference; explicitFileType = sourcecode.cpp.cpp; fileEncoding = 30; name = ofxUISlider.cpp; path = ../../addons/ofxUI/src/ofxUISlider.cpp; sourceTree = SOURCE_ROOT; };
		29ECC02C053DC28A0DC2D3E8 /* ofxUISuperCanvas.cpp */ = {isa = PBXFileReference; explicitFileType = sourcecode.cpp.cpp; fileEncoding = 30; name = ofxUISuperCanvas.cpp; path = ../../addons/ofxUI/src/ofxUISuperCanvas.cpp; sourceTree = SOURCE_ROOT; };
		2A267354F115BD395EB6EC85 /* ofxThermalPrinter.h */ = {isa = PBXFileReference; explicitFileType = sourcecode.c.h; fileEncoding = 30; name = ofxThermalPrinter.h; path = ../../addons/ofxThermalPrinter/src/ofxThermalPrinter.h; sourceTree = SOURCE_ROOT; };
		2DD07F19C62EE9FB0D66A9D5 /* ofxUILabelButton.cpp */ = {isa = PBXFileReference; explicitFileType = sourcecode.cpp.cpp; fileEncoding = 30; name = ofxUILabelButton.cpp; path = ../../addons/ofxUI/src/ofxUILabelButton.cpp; sourceTree = SOURCE_ROOT; };
		30B9CA264511888D05E0E920 /* v8stdint.h */ = {isa = PBXFileReference; explicitFileType = sourcecode.c.h; fileEncoding = 30; name = v8stdint.h; path = ../../addons/ofxThermalPrinter/src/v8stdint.h; sourceTree = SOURCE_ROOT; };
		34D3CEB701ADE58D28B9E792 /* ofxUIWidget.cpp */ = {isa = PBXFileReference; explicitFileType = sourcecode.cpp.cpp; fileEncoding = 30; name = ofxUIWidget.cpp; path = ../../addons/ofxUI/src/ofxUIWidget.cpp; sourceTree = SOURCE_ROOT; };
		36B84C19F7D43A4B625AFA5A /* ofxUIBiLabelSlider.h */ = {isa = PBXFileReference; explicitFileType = sourcecode.c.h; fileEncoding = 30; name = ofxUIBiLabelSlider.h; path = ../../addons/ofxUI/src/ofxUIBiLabelSlider.h; sourceTree = SOURCE_ROOT; };
		36D88A44128C08168EC11AC1 /* ofxUIWidgetWithLabel.cpp */ = {isa = PBXFileReference; explicitFileType = sourcecode.cpp.cpp; fileEncoding = 30; name = ofxUIWidgetWithLabel.cpp; path = ../../addons/ofxUI/src/ofxUIWidgetWithLabel.cpp; sourceTree = SOURCE_ROOT; };
		36E1E909D582566C644BBF3C /* ofxUIUtils.h */ = {isa = PBXFileReference; explicitFileType = sourcecode.c.h; fileEncoding = 30; name = ofxUIUtils.h; path = ../../addons/ofxUI/src/ofxUIUtils.h; sourceTree = SOURCE_ROOT; };
		3A7E44FE520FCB97E4B4496F /* ofxUIBaseDraws.h */ = {isa = PBXFileReference; explicitFileType = sourcecode.c.h; fileEncoding = 30; name = ofxUIBaseDraws.h; path = ../../addons/ofxUI/src/ofxUIBaseDraws.h; sourceTree = SOURCE_ROOT; };
		3B55723F27EAD8859CBAA6F7 /* MessageMappingOscPacketListener.h */ = {isa = PBXFileReference; explicitFileType = sourcecode.c.h; fileEncoding = 30; name = MessageMappingOscPacketListener.h; path = ../../addons/ofxOsc/libs/oscpack/src/osc/MessageMappingOscPacketListener.h; sourceTree = SOURCE_ROOT; };
		3D15B7EEFA976CE14E401B94 /* ofxUIMultiImageButton.h */ = {isa = PBXFileReference; explicitFileType = sourcecode.c.h; fileEncoding = 30; name = ofxUIMultiImageButton.h; path = ../../addons/ofxUI/src/ofxUIMultiImageButton.h; sourceTree = SOURCE_ROOT; };
		3E0F10E10AB43DDC035DF087 /* UdpSocket.h */ = {isa = PBXFileReference; explicitFileType = sourcecode.c.h; fileEncoding = 30; name = UdpSocket.h; path = ../../addons/ofxOsc/libs/oscpack/src/ip/UdpSocket.h; sourceTree = SOURCE_ROOT; };
		4022FF071CA1A3876BA2A851 /* OscException.h */ = {isa = PBXFileReference; explicitFileType = sourcecode.c.h; fileEncoding = 30; name = OscException.h; path = ../../addons/ofxOsc/libs/oscpack/src/osc/OscException.h; sourceTree = SOURCE_ROOT; };
		415175069A2C731233A74D76 /* ofxUIImageSampler.h */ = {isa = PBXFileReference; explicitFileType = sourcecode.c.h; fileEncoding = 30; name = ofxUIImageSampler.h; path = ../../addons/ofxUI/src/ofxUIImageSampler.h; sourceTree = SOURCE_ROOT; };
		479B8C0AA4993B701EB44C71 /* ofxUIDropDownList.h */ = {isa = PBXFileReference; explicitFileType = sourcecode.c.h; fileEncoding = 30; name = ofxUIDropDownList.h; path = ../../addons/ofxUI/src/ofxUIDropDownList.h; sourceTree = SOURCE_ROOT; };
		4862F6D92D00C0AA3ADE1420 /* ofxUIFPS.cpp */ = {isa = PBXFileReference; explicitFileType = sourcecode.cpp.cpp; fileEncoding = 30; name = ofxUIFPS.cpp; path = ../../addons/ofxUI/src/ofxUIFPS.cpp; sourceTree = SOURCE_ROOT; };
		49FEE394311609C054B9E542 /* ofxUIToggle.h */ = {isa = PBXFileReference; explicitFileType = sourcecode.c.h; fileEncoding = 30; name = ofxUIToggle.h; path = ../../addons/ofxUI/src/ofxUIToggle.h; sourceTree = SOURCE_ROOT; };
		4E547664906250BFDC05F022 /* ofxUI.h */ = {isa = PBXFileReference; explicitFileType = sourcecode.c.h; fileEncoding = 30; name = ofxUI.h; path = ../../addons/ofxUI/src/ofxUI.h; sourceTree = SOURCE_ROOT; };
		4F391C9D0C1047F7AF187430 /* IpEndpointName.h */ = {isa = PBXFileReference; explicitFileType = sourcecode.c.h; fileEncoding = 30; name = IpEndpointName.h; path = ../../addons/ofxOsc/libs/oscpack/src/ip/IpEndpointName.h; sourceTree = SOURCE_ROOT; };
		5350630C1B457BA3A390A078 /* ofxUIMovingGraph.h */ = {isa = PBXFileReference; explicitFileType = sourcecode.c.h; fileEncoding = 30; name = ofxUIMovingGraph.h; path = ../../addons/ofxUI/src/ofxUIMovingGraph.h; sourceTree = SOURCE_ROOT; };
		53FF73035BE2E954FBF4BE08 /* ofxUILabelButton.h */ = {isa = PBXFileReference; explicitFileType = sourcecode.c.h; fileEncoding = 30; name = ofxUILabelButton.h; path = ../../addons/ofxUI/src/ofxUILabelButton.h; sourceTree = SOURCE_ROOT; };
		560D9DAB5CEE909F2867D6BB /* ofxUIMultiImageToggle.h */ = {isa = PBXFileReference; explicitFileType = sourcecode.c.h; fileEncoding = 30; name = ofxUIMultiImageToggle.h; path = ../../addons/ofxUI/src/ofxUIMultiImageToggle.h; sourceTree = SOURCE_ROOT; };
		576629C87C4417183C405D09 /* ofxUIImageButton.h */ = {isa = PBXFileReference; explicitFileType = sourcecode.c.h; fileEncoding = 30; name = ofxUIImageButton.h; path = ../../addons/ofxUI/src/ofxUIImageButton.h; sourceTree = SOURCE_ROOT; };
		5ABFCCE3E986527E0EC07CAC /* ofxUISuperCanvas.h */ = {isa = PBXFileReference; explicitFileType = sourcecode.c.h; fileEncoding = 30; name = ofxUISuperCanvas.h; path = ../../addons/ofxUI/src/ofxUISuperCanvas.h; sourceTree = SOURCE_ROOT; };
		5CB208870AA34373D99412C9 /* ofxUI2DGraph.h */ = {isa = PBXFileReference; explicitFileType = sourcecode.c.h; fileEncoding = 30; name = ofxUI2DGraph.h; path = ../../addons/ofxUI/src/ofxUI2DGraph.h; sourceTree = SOURCE_ROOT; };
		5E149197EA3B654BD060CA10 /* ofxUICanvas.h */ = {isa = PBXFileReference; explicitFileType = sourcecode.c.h; fileEncoding = 30; name = ofxUICanvas.h; path = ../../addons/ofxUI/src/ofxUICanvas.h; sourceTree = SOURCE_ROOT; };
		5F26449247C755E7EAA51AC0 /* ofxUICircleSlider.cpp */ = {isa = PBXFileReference; explicitFileType = sourcecode.cpp.cpp; fileEncoding = 30; name = ofxUICircleSlider.cpp; path = ../../addons/ofxUI/src/ofxUICircleSlider.cpp; sourceTree = SOURCE_ROOT; };
		5F52AB39AEEC58B400DF6102 /* ofxUIButton.h */ = {isa = PBXFileReference; explicitFileType = sourcecode.c.h; fileEncoding = 30; name = ofxUIButton.h; path = ../../addons/ofxUI/src/ofxUIButton.h; sourceTree = SOURCE_ROOT; };
		6183DF553DAE91BAF104F03D /* ofxUIButton.cpp */ = {isa = PBXFileReference; explicitFileType = sourcecode.cpp.cpp; fileEncoding = 30; name = ofxUIButton.cpp; path = ../../addons/ofxUI/src/ofxUIButton.cpp; sourceTree = SOURCE_ROOT; };
		61CF7239F6DF326C4C318080 /* ofxUIDragableLabelButton.cpp */ = {isa = PBXFileReference; explicitFileType = sourcecode.cpp.cpp; fileEncoding = 30; name = ofxUIDragableLabelButton.cpp; path = ../../addons/ofxUI/src/ofxUIDragableLabelButton.cpp; sourceTree = SOURCE_ROOT; };
		61DFC02CBB5E24B36F4E0710 /* ofxUIImageToggle.cpp */ = {isa = PBXFileReference; explicitFileType = sourcecode.cpp.cpp; fileEncoding = 30; name = ofxUIImageToggle.cpp; path = ../../addons/ofxUI/src/ofxUIImageToggle.cpp; sourceTree = SOURCE_ROOT; };
		63875434A9786FDC700C3266 /* unix.cc */ = {isa = PBXFileReference; explicitFileType = sourcecode.cpp.cpp; fileEncoding = 30; name = unix.cc; path = ../../addons/ofxThermalPrinter/src/impl/unix.cc; sourceTree = SOURCE_ROOT; };
		65A9A1771994252F00F3C2B2 /* tinyxml.cpp */ = {isa = PBXFileReference; fileEncoding = 4; lastKnownFileType = sourcecode.cpp.cpp; path = tinyxml.cpp; sourceTree = "<group>"; };
		65A9A1781994252F00F3C2B2 /* tinyxml.h */ = {isa = PBXFileReference; fileEncoding = 4; lastKnownFileType = sourcecode.c.h; path = tinyxml.h; sourceTree = "<group>"; };
		65A9A1791994252F00F3C2B2 /* tinyxmlerror.cpp */ = {isa = PBXFileReference; fileEncoding = 4; lastKnownFileType = sourcecode.cpp.cpp; path = tinyxmlerror.cpp; sourceTree = "<group>"; };
		65A9A17A1994252F00F3C2B2 /* tinyxmlparser.cpp */ = {isa = PBXFileReference; fileEncoding = 4; lastKnownFileType = sourcecode.cpp.cpp; path = tinyxmlparser.cpp; sourceTree = "<group>"; };
		65A9A17C1994252F00F3C2B2 /* ofxXmlSettings.cpp */ = {isa = PBXFileReference; fileEncoding = 4; lastKnownFileType = sourcecode.cpp.cpp; path = ofxXmlSettings.cpp; sourceTree = "<group>"; };
		65A9A17D1994252F00F3C2B2 /* ofxXmlSettings.h */ = {isa = PBXFileReference; fileEncoding = 4; lastKnownFileType = sourcecode.c.h; path = ofxXmlSettings.h; sourceTree = "<group>"; };
		65EDFEEE19A0F8640095AE6E /* Doxyfile */ = {isa = PBXFileReference; fileEncoding = 4; lastKnownFileType = text; path = Doxyfile; sourceTree = "<group>"; };
		65EDFEEF19A0F8640095AE6E /* LICENSE.txt */ = {isa = PBXFileReference; fileEncoding = 4; lastKnownFileType = text; path = LICENSE.txt; sourceTree = "<group>"; };
		65EDFEF019A0F8640095AE6E /* README.md */ = {isa = PBXFileReference; fileEncoding = 4; lastKnownFileType = text; path = README.md; sourceTree = "<group>"; };
		65EDFEF219A0F8640095AE6E /* README.txt */ = {isa = PBXFileReference; fileEncoding = 4; lastKnownFileType = text; path = README.txt; sourceTree = "<group>"; };
		65EDFEF319A0F8640095AE6E /* sqlite3.c */ = {isa = PBXFileReference; fileEncoding = 4; lastKnownFileType = sourcecode.c.c; path = sqlite3.c; sourceTree = "<group>"; };
		65EDFEF419A0F8640095AE6E /* sqlite3.h */ = {isa = PBXFileReference; fileEncoding = 4; lastKnownFileType = sourcecode.c.h; path = sqlite3.h; sourceTree = "<group>"; };
		65EDFEF619A0F8640095AE6E /* Assertion.h */ = {isa = PBXFileReference; fileEncoding = 4; lastKnownFileType = sourcecode.c.h; path = Assertion.h; sourceTree = "<group>"; };
		65EDFEF719A0F8640095AE6E /* Column.cpp */ = {isa = PBXFileReference; fileEncoding = 4; lastKnownFileType = sourcecode.cpp.cpp; path = Column.cpp; sourceTree = "<group>"; };
		65EDFEF819A0F8640095AE6E /* Column.h */ = {isa = PBXFileReference; fileEncoding = 4; lastKnownFileType = sourcecode.c.h; path = Column.h; sourceTree = "<group>"; };
		65EDFEF919A0F8640095AE6E /* Database.cpp */ = {isa = PBXFileReference; fileEncoding = 4; lastKnownFileType = sourcecode.cpp.cpp; path = Database.cpp; sourceTree = "<group>"; };
		65EDFEFA19A0F8650095AE6E /* Database.h */ = {isa = PBXFileReference; fileEncoding = 4; lastKnownFileType = sourcecode.c.h; path = Database.h; sourceTree = "<group>"; };
		65EDFEFB19A0F8650095AE6E /* Exception.h */ = {isa = PBXFileReference; fileEncoding = 4; lastKnownFileType = sourcecode.c.h; path = Exception.h; sourceTree = "<group>"; };
		65EDFEFC19A0F8650095AE6E /* SQLiteC++.h */ = {isa = PBXFileReference; fileEncoding = 4; lastKnownFileType = sourcecode.c.h; path = "SQLiteC++.h"; sourceTree = "<group>"; };
		65EDFEFD19A0F8650095AE6E /* Statement.cpp */ = {isa = PBXFileReference; fileEncoding = 4; lastKnownFileType = sourcecode.cpp.cpp; path = Statement.cpp; sourceTree = "<group>"; };
		65EDFEFE19A0F8650095AE6E /* Statement.h */ = {isa = PBXFileReference; fileEncoding = 4; lastKnownFileType = sourcecode.c.h; path = Statement.h; sourceTree = "<group>"; };
		65EDFEFF19A0F8650095AE6E /* Transaction.cpp */ = {isa = PBXFileReference; fileEncoding = 4; lastKnownFileType = sourcecode.cpp.cpp; path = Transaction.cpp; sourceTree = "<group>"; };
		65EDFF0019A0F8650095AE6E /* Transaction.h */ = {isa = PBXFileReference; fileEncoding = 4; lastKnownFileType = sourcecode.c.h; path = Transaction.h; sourceTree = "<group>"; };
		65EDFF2219A0FA930095AE6E /* Analyzer.cpp */ = {isa = PBXFileReference; fileEncoding = 4; lastKnownFileType = sourcecode.cpp.cpp; path = Analyzer.cpp; sourceTree = "<group>"; };
		65EDFF2319A0FA930095AE6E /* Analyzer.h */ = {isa = PBXFileReference; fileEncoding = 4; lastKnownFileType = sourcecode.c.h; path = Analyzer.h; sourceTree = "<group>"; };
		65EDFF2819A0FAD70095AE6E /* AudioInput.cpp */ = {isa = PBXFileReference; fileEncoding = 4; lastKnownFileType = sourcecode.cpp.cpp; path = AudioInput.cpp; sourceTree = "<group>"; };
		65EDFF2919A0FAD70095AE6E /* AudioInput.h */ = {isa = PBXFileReference; fileEncoding = 4; lastKnownFileType = sourcecode.c.h; path = AudioInput.h; sourceTree = "<group>"; };
		65EDFF2B19A0FAE80095AE6E /* VideoInput.cpp */ = {isa = PBXFileReference; fileEncoding = 4; lastKnownFileType = sourcecode.cpp.cpp; path = VideoInput.cpp; sourceTree = "<group>"; };
		65EDFF2C19A0FAE80095AE6E /* VideoInput.h */ = {isa = PBXFileReference; fileEncoding = 4; lastKnownFileType = sourcecode.c.h; path = VideoInput.h; sourceTree = "<group>"; };
		65EDFF2E19A0FAF70095AE6E /* Feedback.cpp */ = {isa = PBXFileReference; fileEncoding = 4; lastKnownFileType = sourcecode.cpp.cpp; path = Feedback.cpp; sourceTree = "<group>"; };
		65EDFF2F19A0FAF70095AE6E /* Feedback.h */ = {isa = PBXFileReference; fileEncoding = 4; lastKnownFileType = sourcecode.c.h; path = Feedback.h; sourceTree = "<group>"; };
		673AFCBC7323D2A93120A7A2 /* ofxOscBundle.cpp */ = {isa = PBXFileReference; explicitFileType = sourcecode.cpp.cpp; fileEncoding = 30; name = ofxOscBundle.cpp; path = ../../addons/ofxOsc/src/ofxOscBundle.cpp; sourceTree = SOURCE_ROOT; };
		6D619D03F7DEBBAD847CEAF2 /* ofxUIImageSampler.cpp */ = {isa = PBXFileReference; explicitFileType = sourcecode.cpp.cpp; fileEncoding = 30; name = ofxUIImageSampler.cpp; path = ../../addons/ofxUI/src/ofxUIImageSampler.cpp; sourceTree = SOURCE_ROOT; };
		6EE05DD94DAD5D94142391A8 /* IpEndpointName.cpp */ = {isa = PBXFileReference; explicitFileType = sourcecode.cpp.cpp; fileEncoding = 30; name = IpEndpointName.cpp; path = ../../addons/ofxOsc/libs/oscpack/src/ip/IpEndpointName.cpp; sourceTree = SOURCE_ROOT; };
		6F8DEBB04960E223982CDABF /* ofxUICanvas.cpp */ = {isa = PBXFileReference; explicitFileType = sourcecode.cpp.cpp; fileEncoding = 30; name = ofxUICanvas.cpp; path = ../../addons/ofxUI/src/ofxUICanvas.cpp; sourceTree = SOURCE_ROOT; };
		6F9AE469CBDD3712305BB8B9 /* win.cc */ = {isa = PBXFileReference; explicitFileType = sourcecode.cpp.cpp; fileEncoding = 30; name = win.cc; path = ../../addons/ofxThermalPrinter/src/impl/win.cc; sourceTree = SOURCE_ROOT; };
		72D4615B3AB82B37F87B9AD7 /* ofxOsc.h */ = {isa = PBXFileReference; explicitFileType = sourcecode.c.h; fileEncoding = 30; name = ofxOsc.h; path = ../../addons/ofxOsc/src/ofxOsc.h; sourceTree = SOURCE_ROOT; };
		739311BF504374DAF2859C5B /* ofxUIWaveform.h */ = {isa = PBXFileReference; explicitFileType = sourcecode.c.h; fileEncoding = 30; name = ofxUIWaveform.h; path = ../../addons/ofxUI/src/ofxUIWaveform.h; sourceTree = SOURCE_ROOT; };
		76EA76EF69563B46ED98941F /* ofxUISortableList.cpp */ = {isa = PBXFileReference; explicitFileType = sourcecode.cpp.cpp; fileEncoding = 30; name = ofxUISortableList.cpp; path = ../../addons/ofxUI/src/ofxUISortableList.cpp; sourceTree = SOURCE_ROOT; };
		789FBFD56A572E7AA9033A0F /* ofxUILabel.h */ = {isa = PBXFileReference; explicitFileType = sourcecode.c.h; fileEncoding = 30; name = ofxUILabel.h; path = ../../addons/ofxUI/src/ofxUILabel.h; sourceTree = SOURCE_ROOT; };
		798379B5500CA5F7564887DA /* OscReceivedElements.h */ = {isa = PBXFileReference; explicitFileType = sourcecode.c.h; fileEncoding = 30; name = OscReceivedElements.h; path = ../../addons/ofxOsc/libs/oscpack/src/osc/OscReceivedElements.h; sourceTree = SOURCE_ROOT; };
		7AE20E0B8380BCE541F79E8D /* win.h */ = {isa = PBXFileReference; explicitFileType = sourcecode.c.h; fileEncoding = 30; name = win.h; path = ../../addons/ofxThermalPrinter/src/impl/win.h; sourceTree = SOURCE_ROOT; };
		7B2BAA0F221902291E676F45 /* ofxOscSender.cpp */ = {isa = PBXFileReference; explicitFileType = sourcecode.cpp.cpp; fileEncoding = 30; name = ofxOscSender.cpp; path = ../../addons/ofxOsc/src/ofxOscSender.cpp; sourceTree = SOURCE_ROOT; };
		803B54F6633FF3557A0F7505 /* ofxUITextInput.cpp */ = {isa = PBXFileReference; explicitFileType = sourcecode.cpp.cpp; fileEncoding = 30; name = ofxUITextInput.cpp; path = ../../addons/ofxUI/src/ofxUITextInput.cpp; sourceTree = SOURCE_ROOT; };
		806CC7C260DCA74E4EDEBFA8 /* ofxUIWidgets.h */ = {isa = PBXFileReference; explicitFileType = sourcecode.c.h; fileEncoding = 30; name = ofxUIWidgets.h; path = ../../addons/ofxUI/src/ofxUIWidgets.h; sourceTree = SOURCE_ROOT; };
		831C7B7BC9977F792D57B71C /* ofxUITextInput.h */ = {isa = PBXFileReference; explicitFileType = sourcecode.c.h; fileEncoding = 30; name = ofxUITextInput.h; path = ../../addons/ofxUI/src/ofxUITextInput.h; sourceTree = SOURCE_ROOT; };
		8426DEE8323E5091D3C95D7E /* ofxUIBiLabelSlider.cpp */ = {isa = PBXFileReference; explicitFileType = sourcecode.cpp.cpp; fileEncoding = 30; name = ofxUIBiLabelSlider.cpp; path = ../../addons/ofxUI/src/ofxUIBiLabelSlider.cpp; sourceTree = SOURCE_ROOT; };
		842C081DBEA090E7F737DF9A /* OscOutboundPacketStream.cpp */ = {isa = PBXFileReference; explicitFileType = sourcecode.cpp.cpp; fileEncoding = 30; name = OscOutboundPacketStream.cpp; path = ../../addons/ofxOsc/libs/oscpack/src/osc/OscOutboundPacketStream.cpp; sourceTree = SOURCE_ROOT; };
		8444A08DD4FC6838F76C6103 /* ofxUIWrapper.h */ = {isa = PBXFileReference; explicitFileType = sourcecode.c.h; fileEncoding = 30; name = ofxUIWrapper.h; path = ../../addons/ofxUI/src/ofxUIWrapper.h; sourceTree = SOURCE_ROOT; };
		8459ADDE9BE295D9680AD4EC /* PacketListener.h */ = {isa = PBXFileReference; explicitFileType = sourcecode.c.h; fileEncoding = 30; name = PacketListener.h; path = ../../addons/ofxOsc/libs/oscpack/src/ip/PacketListener.h; sourceTree = SOURCE_ROOT; };
		861A0D1D403744FE7C165A18 /* ofxUIEventArgs.cpp */ = {isa = PBXFileReference; explicitFileType = sourcecode.cpp.cpp; fileEncoding = 30; name = ofxUIEventArgs.cpp; path = ../../addons/ofxUI/src/ofxUIEventArgs.cpp; sourceTree = SOURCE_ROOT; };
		863D6F252A05AA07800F2CFF /* ofxUIRangeSlider.cpp */ = {isa = PBXFileReference; explicitFileType = sourcecode.cpp.cpp; fileEncoding = 30; name = ofxUIRangeSlider.cpp; path = ../../addons/ofxUI/src/ofxUIRangeSlider.cpp; sourceTree = SOURCE_ROOT; };
		87BF799582426E0FCE091B4D /* ofxUIRadio.cpp */ = {isa = PBXFileReference; explicitFileType = sourcecode.cpp.cpp; fileEncoding = 30; name = ofxUIRadio.cpp; path = ../../addons/ofxUI/src/ofxUIRadio.cpp; sourceTree = SOURCE_ROOT; };
		8A844876A71DBD7546201CC6 /* ofxOscMessage.cpp */ = {isa = PBXFileReference; explicitFileType = sourcecode.cpp.cpp; fileEncoding = 30; name = ofxOscMessage.cpp; path = ../../addons/ofxOsc/src/ofxOscMessage.cpp; sourceTree = SOURCE_ROOT; };
		8B0B91449B395C88BAC92CA8 /* ofxUIWaveform.cpp */ = {isa = PBXFileReference; explicitFileType = sourcecode.cpp.cpp; fileEncoding = 30; name = ofxUIWaveform.cpp; path = ../../addons/ofxUI/src/ofxUIWaveform.cpp; sourceTree = SOURCE_ROOT; };
		8C0215FD4B5831FD7F3F4B11 /* OscPrintReceivedElements.h */ = {isa = PBXFileReference; explicitFileType = sourcecode.c.h; fileEncoding = 30; name = OscPrintReceivedElements.h; path = ../../addons/ofxOsc/libs/oscpack/src/osc/OscPrintReceivedElements.h; sourceTree = SOURCE_ROOT; };
		8D29E0464B30FF2C7BA9F264 /* ofxUIWidgetWithLabel.h */ = {isa = PBXFileReference; explicitFileType = sourcecode.c.h; fileEncoding = 30; name = ofxUIWidgetWithLabel.h; path = ../../addons/ofxUI/src/ofxUIWidgetWithLabel.h; sourceTree = SOURCE_ROOT; };
		906E665F34821337AEC29259 /* ofxUIRotarySlider.cpp */ = {isa = PBXFileReference; explicitFileType = sourcecode.cpp.cpp; fileEncoding = 30; name = ofxUIRotarySlider.cpp; path = ../../addons/ofxUI/src/ofxUIRotarySlider.cpp; sourceTree = SOURCE_ROOT; };
		909BE08E20AFD97822A0FECF /* ofxUIWidget.h */ = {isa = PBXFileReference; explicitFileType = sourcecode.c.h; fileEncoding = 30; name = ofxUIWidget.h; path = ../../addons/ofxUI/src/ofxUIWidget.h; sourceTree = SOURCE_ROOT; };
		920B07E247B2B941C9B524D3 /* ofxUISortableList.h */ = {isa = PBXFileReference; explicitFileType = sourcecode.c.h; fileEncoding = 30; name = ofxUISortableList.h; path = ../../addons/ofxUI/src/ofxUISortableList.h; sourceTree = SOURCE_ROOT; };
		967A40A2A5B3228871EDC021 /* ofxUIFPS.h */ = {isa = PBXFileReference; explicitFileType = sourcecode.c.h; fileEncoding = 30; name = ofxUIFPS.h; path = ../../addons/ofxUI/src/ofxUIFPS.h; sourceTree = SOURCE_ROOT; };
		9867DBDADFC90454A11A5219 /* ofxUILabel.cpp */ = {isa = PBXFileReference; explicitFileType = sourcecode.cpp.cpp; fileEncoding = 30; name = ofxUILabel.cpp; path = ../../addons/ofxUI/src/ofxUILabel.cpp; sourceTree = SOURCE_ROOT; };
		99FB7AEB9595384CD225B284 /* ofxUICircleSlider.h */ = {isa = PBXFileReference; explicitFileType = sourcecode.c.h; fileEncoding = 30; name = ofxUICircleSlider.h; path = ../../addons/ofxUI/src/ofxUICircleSlider.h; sourceTree = SOURCE_ROOT; };
		9A44F01FC5962D8E26554D07 /* ofxUIValuePlotter.h */ = {isa = PBXFileReference; explicitFileType = sourcecode.c.h; fileEncoding = 30; name = ofxUIValuePlotter.h; path = ../../addons/ofxUI/src/ofxUIValuePlotter.h; sourceTree = SOURCE_ROOT; };
		9BB93D8C9F763F71ACE84464 /* ofxUIMultiImageButton.cpp */ = {isa = PBXFileReference; explicitFileType = sourcecode.cpp.cpp; fileEncoding = 30; name = ofxUIMultiImageButton.cpp; path = ../../addons/ofxUI/src/ofxUIMultiImageButton.cpp; sourceTree = SOURCE_ROOT; };
		9EA710687A480F98DDABF393 /* OscHostEndianness.h */ = {isa = PBXFileReference; explicitFileType = sourcecode.c.h; fileEncoding = 30; name = OscHostEndianness.h; path = ../../addons/ofxOsc/libs/oscpack/src/osc/OscHostEndianness.h; sourceTree = SOURCE_ROOT; };
		9F965786DA5C49F1281ACC4B /* ofxUINumberDialer.h */ = {isa = PBXFileReference; explicitFileType = sourcecode.c.h; fileEncoding = 30; name = ofxUINumberDialer.h; path = ../../addons/ofxUI/src/ofxUINumberDialer.h; sourceTree = SOURCE_ROOT; };
		A23E433CAC3C1CFC95DB8BF6 /* serial.cc */ = {isa = PBXFileReference; explicitFileType = sourcecode.cpp.cpp; fileEncoding = 30; name = serial.cc; path = ../../addons/ofxThermalPrinter/src/serial.cc; sourceTree = SOURCE_ROOT; };
		A2A21BEF344AF207FD58307E /* ofxUIFPSSlider.h */ = {isa = PBXFileReference; explicitFileType = sourcecode.c.h; fileEncoding = 30; name = ofxUIFPSSlider.h; path = ../../addons/ofxUI/src/ofxUIFPSSlider.h; sourceTree = SOURCE_ROOT; };
		A445B36C656236A1A27845A9 /* ofxUISpectrum.h */ = {isa = PBXFileReference; explicitFileType = sourcecode.c.h; fileEncoding = 30; name = ofxUISpectrum.h; path = ../../addons/ofxUI/src/ofxUISpectrum.h; sourceTree = SOURCE_ROOT; };
		A5874FC297274C6D52ADAFE8 /* ofxUIDefines.h */ = {isa = PBXFileReference; explicitFileType = sourcecode.c.h; fileEncoding = 30; name = ofxUIDefines.h; path = ../../addons/ofxUI/src/ofxUIDefines.h; sourceTree = SOURCE_ROOT; };
		AA57C569E83388C237E8762B /* ofxUIValuePlotter.cpp */ = {isa = PBXFileReference; explicitFileType = sourcecode.cpp.cpp; fileEncoding = 30; name = ofxUIValuePlotter.cpp; path = ../../addons/ofxUI/src/ofxUIValuePlotter.cpp; sourceTree = SOURCE_ROOT; };
		AC48EDC038E313154F0A3CEC /* ofxOscReceiver.h */ = {isa = PBXFileReference; explicitFileType = sourcecode.c.h; fileEncoding = 30; name = ofxOscReceiver.h; path = ../../addons/ofxOsc/src/ofxOscReceiver.h; sourceTree = SOURCE_ROOT; };
		AC6934782B58324470BBED72 /* ofxUIImage.h */ = {isa = PBXFileReference; explicitFileType = sourcecode.c.h; fileEncoding = 30; name = ofxUIImage.h; path = ../../addons/ofxUI/src/ofxUIImage.h; sourceTree = SOURCE_ROOT; };
		ACBFC30D00C04E86C8464ADE /* ofxOscParameterSync.cpp */ = {isa = PBXFileReference; explicitFileType = sourcecode.cpp.cpp; fileEncoding = 30; name = ofxOscParameterSync.cpp; path = ../../addons/ofxOsc/src/ofxOscParameterSync.cpp; sourceTree = SOURCE_ROOT; };
		AD0216BF26CD893E2E0F744F /* NetworkingUtils.h */ = {isa = PBXFileReference; explicitFileType = sourcecode.c.h; fileEncoding = 30; name = NetworkingUtils.h; path = ../../addons/ofxOsc/libs/oscpack/src/ip/NetworkingUtils.h; sourceTree = SOURCE_ROOT; };
		AD6C661358D56B4498A8A9BD /* UdpSocketWin.cpp */ = {isa = PBXFileReference; explicitFileType = sourcecode.cpp.cpp; fileEncoding = 30; name = UdpSocketWin.cpp; path = ../../addons/ofxOsc/libs/oscpack/src/ip/win32/UdpSocketWin.cpp; sourceTree = SOURCE_ROOT; };
		ADF148F642E48CD7CA4F313D /* ofxUIMinimalSlider.h */ = {isa = PBXFileReference; explicitFileType = sourcecode.c.h; fileEncoding = 30; name = ofxUIMinimalSlider.h; path = ../../addons/ofxUI/src/ofxUIMinimalSlider.h; sourceTree = SOURCE_ROOT; };
		AFCFF09A67D81C29E9E99221 /* ofxUIMultiImageToggle.cpp */ = {isa = PBXFileReference; explicitFileType = sourcecode.cpp.cpp; fileEncoding = 30; name = ofxUIMultiImageToggle.cpp; path = ../../addons/ofxUI/src/ofxUIMultiImageToggle.cpp; sourceTree = SOURCE_ROOT; };
		B008629D26F85943203C07F1 /* ofxUIRangeSlider.h */ = {isa = PBXFileReference; explicitFileType = sourcecode.c.h; fileEncoding = 30; name = ofxUIRangeSlider.h; path = ../../addons/ofxUI/src/ofxUIRangeSlider.h; sourceTree = SOURCE_ROOT; };
		B03FDD8665F88C8B976B2A25 /* ofxUIToggleMatrix.h */ = {isa = PBXFileReference; explicitFileType = sourcecode.c.h; fileEncoding = 30; name = ofxUIToggleMatrix.h; path = ../../addons/ofxUI/src/ofxUIToggleMatrix.h; sourceTree = SOURCE_ROOT; };
		B34D2935437BD95ED6DA2A59 /* ofxOscReceiver.cpp */ = {isa = PBXFileReference; explicitFileType = sourcecode.cpp.cpp; fileEncoding = 30; name = ofxOscReceiver.cpp; path = ../../addons/ofxOsc/src/ofxOscReceiver.cpp; sourceTree = SOURCE_ROOT; };
		B3991F7900D430BF76443B29 /* ofxUISpacer.h */ = {isa = PBXFileReference; explicitFileType = sourcecode.c.h; fileEncoding = 30; name = ofxUISpacer.h; path = ../../addons/ofxUI/src/ofxUISpacer.h; sourceTree = SOURCE_ROOT; };
		B4939CD16E34BD4D2BCE2876 /* ofxUIImageSlider.cpp */ = {isa = PBXFileReference; explicitFileType = sourcecode.cpp.cpp; fileEncoding = 30; name = ofxUIImageSlider.cpp; path = ../../addons/ofxUI/src/ofxUIImageSlider.cpp; sourceTree = SOURCE_ROOT; };
		B68FD4DF6A744EF169399F04 /* ofxUIToggle.cpp */ = {isa = PBXFileReference; explicitFileType = sourcecode.cpp.cpp; fileEncoding = 30; name = ofxUIToggle.cpp; path = ../../addons/ofxUI/src/ofxUIToggle.cpp; sourceTree = SOURCE_ROOT; };
		B7C62C5CC37F5F9A5F739E0C /* ofxUIFPSSlider.cpp */ = {isa = PBXFileReference; explicitFileType = sourcecode.cpp.cpp; fileEncoding = 30; name = ofxUIFPSSlider.cpp; path = ../../addons/ofxUI/src/ofxUIFPSSlider.cpp; sourceTree = SOURCE_ROOT; };
		BA90016CE138369172559774 /* ofxOscBundle.h */ = {isa = PBXFileReference; explicitFileType = sourcecode.c.h; fileEncoding = 30; name = ofxOscBundle.h; path = ../../addons/ofxOsc/src/ofxOscBundle.h; sourceTree = SOURCE_ROOT; };
		BBAB23BE13894E4700AA2426 /* GLUT.framework */ = {isa = PBXFileReference; lastKnownFileType = wrapper.framework; name = GLUT.framework; path = ../../libs/glut/lib/osx/GLUT.framework; sourceTree = "<group>"; };
		BC43470B7D289E90E70C61A2 /* ofxUITabBar.cpp */ = {isa = PBXFileReference; explicitFileType = sourcecode.cpp.cpp; fileEncoding = 30; name = ofxUITabBar.cpp; path = ../../addons/ofxUI/src/ofxUITabBar.cpp; sourceTree = SOURCE_ROOT; };
		C00604062A98308D76FED411 /* ofxUIRotarySlider.h */ = {isa = PBXFileReference; explicitFileType = sourcecode.c.h; fileEncoding = 30; name = ofxUIRotarySlider.h; path = ../../addons/ofxUI/src/ofxUIRotarySlider.h; sourceTree = SOURCE_ROOT; };
		C0FF70300F4BCD9ED72D249B /* OscPacketListener.h */ = {isa = PBXFileReference; explicitFileType = sourcecode.c.h; fileEncoding = 30; name = OscPacketListener.h; path = ../../addons/ofxOsc/libs/oscpack/src/osc/OscPacketListener.h; sourceTree = SOURCE_ROOT; };
		C1B9244B7D12ED7F3DA69968 /* ofxUI2DPad.cpp */ = {isa = PBXFileReference; explicitFileType = sourcecode.cpp.cpp; fileEncoding = 30; name = ofxUI2DPad.cpp; path = ../../addons/ofxUI/src/ofxUI2DPad.cpp; sourceTree = SOURCE_ROOT; };
		C529D43984024AF697ABF518 /* OscPrintReceivedElements.cpp */ = {isa = PBXFileReference; explicitFileType = sourcecode.cpp.cpp; fileEncoding = 30; name = OscPrintReceivedElements.cpp; path = ../../addons/ofxOsc/libs/oscpack/src/osc/OscPrintReceivedElements.cpp; sourceTree = SOURCE_ROOT; };
		C624A95FF974E0F40F86E3F0 /* ofxUIImageSlider.h */ = {isa = PBXFileReference; explicitFileType = sourcecode.c.h; fileEncoding = 30; name = ofxUIImageSlider.h; path = ../../addons/ofxUI/src/ofxUIImageSlider.h; sourceTree = SOURCE_ROOT; };
		C7A351A028B93BBEE2F08225 /* ofxThermalPrinter.cpp */ = {isa = PBXFileReference; explicitFileType = sourcecode.cpp.cpp; fileEncoding = 30; name = ofxThermalPrinter.cpp; path = ../../addons/ofxThermalPrinter/src/ofxThermalPrinter.cpp; sourceTree = SOURCE_ROOT; };
		C8149463B006FA2747A85DD5 /* ofxUINumberDialer.cpp */ = {isa = PBXFileReference; explicitFileType = sourcecode.cpp.cpp; fileEncoding = 30; name = ofxUINumberDialer.cpp; path = ../../addons/ofxUI/src/ofxUINumberDialer.cpp; sourceTree = SOURCE_ROOT; };
		CC9BEB01A3AF97A1D0D2A7D6 /* NetworkingUtilsWin.cpp */ = {isa = PBXFileReference; explicitFileType = sourcecode.cpp.cpp; fileEncoding = 30; name = NetworkingUtilsWin.cpp; path = ../../addons/ofxOsc/libs/oscpack/src/ip/win32/NetworkingUtilsWin.cpp; sourceTree = SOURCE_ROOT; };
		CD404B60813848D2BE4A66AE /* ofxUIBaseDraws.cpp */ = {isa = PBXFileReference; explicitFileType = sourcecode.cpp.cpp; fileEncoding = 30; name = ofxUIBaseDraws.cpp; path = ../../addons/ofxUI/src/ofxUIBaseDraws.cpp; sourceTree = SOURCE_ROOT; };
		CD90DE7AFF324F6E88F9E812 /* ofxUILabelToggle.cpp */ = {isa = PBXFileReference; explicitFileType = sourcecode.cpp.cpp; fileEncoding = 30; name = ofxUILabelToggle.cpp; path = ../../addons/ofxUI/src/ofxUILabelToggle.cpp; sourceTree = SOURCE_ROOT; };
		D003D0F521227F2B878809BB /* ofxUIScrollableCanvas.cpp */ = {isa = PBXFileReference; explicitFileType = sourcecode.cpp.cpp; fileEncoding = 30; name = ofxUIScrollableCanvas.cpp; path = ../../addons/ofxUI/src/ofxUIScrollableCanvas.cpp; sourceTree = SOURCE_ROOT; };
		D3D48BE1E56BD5B29F7E8F6A /* ofxUIScrollableCanvas.h */ = {isa = PBXFileReference; explicitFileType = sourcecode.c.h; fileEncoding = 30; name = ofxUIScrollableCanvas.h; path = ../../addons/ofxUI/src/ofxUIScrollableCanvas.h; sourceTree = SOURCE_ROOT; };
		D552F5388348F2046FCE61EE /* ofxUIMovingGraph.cpp */ = {isa = PBXFileReference; explicitFileType = sourcecode.cpp.cpp; fileEncoding = 30; name = ofxUIMovingGraph.cpp; path = ../../addons/ofxUI/src/ofxUIMovingGraph.cpp; sourceTree = SOURCE_ROOT; };
		D5A4BDE27CF5055566DAF7D8 /* ofxUITabBar.h */ = {isa = PBXFileReference; explicitFileType = sourcecode.c.h; fileEncoding = 30; name = ofxUITabBar.h; path = ../../addons/ofxUI/src/ofxUITabBar.h; sourceTree = SOURCE_ROOT; };
		D6D1523417F24DDFE3107A52 /* ofxUITextArea.cpp */ = {isa = PBXFileReference; explicitFileType = sourcecode.cpp.cpp; fileEncoding = 30; name = ofxUITextArea.cpp; path = ../../addons/ofxUI/src/ofxUITextArea.cpp; sourceTree = SOURCE_ROOT; };
		D9ADFD76185380F92E3FEF5E /* ofxUISpacer.cpp */ = {isa = PBXFileReference; explicitFileType = sourcecode.cpp.cpp; fileEncoding = 30; name = ofxUISpacer.cpp; path = ../../addons/ofxUI/src/ofxUISpacer.cpp; sourceTree = SOURCE_ROOT; };
		DF354C691EEE9F314CC31547 /* OscOutboundPacketStream.h */ = {isa = PBXFileReference; explicitFileType = sourcecode.c.h; fileEncoding = 30; name = OscOutboundPacketStream.h; path = ../../addons/ofxOsc/libs/oscpack/src/osc/OscOutboundPacketStream.h; sourceTree = SOURCE_ROOT; };
		E1F00C0A33A53C25F1DB941D /* ofxUIRectangle.cpp */ = {isa = PBXFileReference; explicitFileType = sourcecode.cpp.cpp; fileEncoding = 30; name = ofxUIRectangle.cpp; path = ../../addons/ofxUI/src/ofxUIRectangle.cpp; sourceTree = SOURCE_ROOT; };
		E4328143138ABC890047C5CB /* openFrameworksLib.xcodeproj */ = {isa = PBXFileReference; lastKnownFileType = "wrapper.pb-project"; name = openFrameworksLib.xcodeproj; path = ../../libs/openFrameworksCompiled/project/osx/openFrameworksLib.xcodeproj; sourceTree = SOURCE_ROOT; };
		E45BE9710E8CC7DD009D7055 /* AGL.framework */ = {isa = PBXFileReference; lastKnownFileType = wrapper.framework; name = AGL.framework; path = /System/Library/Frameworks/AGL.framework; sourceTree = "<absolute>"; };
		E45BE9720E8CC7DD009D7055 /* ApplicationServices.framework */ = {isa = PBXFileReference; lastKnownFileType = wrapper.framework; name = ApplicationServices.framework; path = /System/Library/Frameworks/ApplicationServices.framework; sourceTree = "<absolute>"; };
		E45BE9730E8CC7DD009D7055 /* AudioToolbox.framework */ = {isa = PBXFileReference; lastKnownFileType = wrapper.framework; name = AudioToolbox.framework; path = /System/Library/Frameworks/AudioToolbox.framework; sourceTree = "<absolute>"; };
		E45BE9750E8CC7DD009D7055 /* CoreAudio.framework */ = {isa = PBXFileReference; lastKnownFileType = wrapper.framework; name = CoreAudio.framework; path = /System/Library/Frameworks/CoreAudio.framework; sourceTree = "<absolute>"; };
		E45BE9760E8CC7DD009D7055 /* CoreFoundation.framework */ = {isa = PBXFileReference; lastKnownFileType = wrapper.framework; name = CoreFoundation.framework; path = /System/Library/Frameworks/CoreFoundation.framework; sourceTree = "<absolute>"; };
		E45BE9770E8CC7DD009D7055 /* CoreServices.framework */ = {isa = PBXFileReference; lastKnownFileType = wrapper.framework; name = CoreServices.framework; path = /System/Library/Frameworks/CoreServices.framework; sourceTree = "<absolute>"; };
		E45BE9790E8CC7DD009D7055 /* OpenGL.framework */ = {isa = PBXFileReference; lastKnownFileType = wrapper.framework; name = OpenGL.framework; path = /System/Library/Frameworks/OpenGL.framework; sourceTree = "<absolute>"; };
		E45BE97A0E8CC7DD009D7055 /* QuickTime.framework */ = {isa = PBXFileReference; lastKnownFileType = wrapper.framework; name = QuickTime.framework; path = /System/Library/Frameworks/QuickTime.framework; sourceTree = "<absolute>"; };
		E4B69B5B0A3A1756003C02F2 /* DynaDashDebug.app */ = {isa = PBXFileReference; explicitFileType = wrapper.application; includeInIndex = 0; path = DynaDashDebug.app; sourceTree = BUILT_PRODUCTS_DIR; };
		E4B69E1D0A3A1BDC003C02F2 /* main.cpp */ = {isa = PBXFileReference; fileEncoding = 30; lastKnownFileType = sourcecode.cpp.cpp; name = main.cpp; path = src/main.cpp; sourceTree = SOURCE_ROOT; };
		E4B69E1E0A3A1BDC003C02F2 /* ofApp.cpp */ = {isa = PBXFileReference; explicitFileType = sourcecode.cpp.cpp; fileEncoding = 30; name = ofApp.cpp; path = src/ofApp.cpp; sourceTree = SOURCE_ROOT; };
		E4B69E1F0A3A1BDC003C02F2 /* ofApp.h */ = {isa = PBXFileReference; fileEncoding = 30; lastKnownFileType = sourcecode.c.h; name = ofApp.h; path = src/ofApp.h; sourceTree = SOURCE_ROOT; };
		E4B6FCAD0C3E899E008CF71C /* openFrameworks-Info.plist */ = {isa = PBXFileReference; fileEncoding = 30; lastKnownFileType = text.plist.xml; path = "openFrameworks-Info.plist"; sourceTree = "<group>"; };
		E4C2424410CC5A17004149E2 /* AppKit.framework */ = {isa = PBXFileReference; lastKnownFileType = wrapper.framework; name = AppKit.framework; path = /System/Library/Frameworks/AppKit.framework; sourceTree = "<absolute>"; };
		E4C2424510CC5A17004149E2 /* Cocoa.framework */ = {isa = PBXFileReference; lastKnownFileType = wrapper.framework; name = Cocoa.framework; path = /System/Library/Frameworks/Cocoa.framework; sourceTree = "<absolute>"; };
		E4C2424610CC5A17004149E2 /* IOKit.framework */ = {isa = PBXFileReference; lastKnownFileType = wrapper.framework; name = IOKit.framework; path = /System/Library/Frameworks/IOKit.framework; sourceTree = "<absolute>"; };
		E4EB691F138AFCF100A09F29 /* CoreOF.xcconfig */ = {isa = PBXFileReference; fileEncoding = 4; lastKnownFileType = text.xcconfig; name = CoreOF.xcconfig; path = ../../libs/openFrameworksCompiled/project/osx/CoreOF.xcconfig; sourceTree = SOURCE_ROOT; };
		E4EB6923138AFD0F00A09F29 /* Project.xcconfig */ = {isa = PBXFileReference; fileEncoding = 4; lastKnownFileType = text.xcconfig; path = Project.xcconfig; sourceTree = "<group>"; };
		E6F14E0E6167B8EFCC93EA36 /* ofxUIDropDownList.cpp */ = {isa = PBXFileReference; explicitFileType = sourcecode.cpp.cpp; fileEncoding = 30; name = ofxUIDropDownList.cpp; path = ../../addons/ofxUI/src/ofxUIDropDownList.cpp; sourceTree = SOURCE_ROOT; };
		E7E077E415D3B63C0020DFD4 /* CoreVideo.framework */ = {isa = PBXFileReference; lastKnownFileType = wrapper.framework; name = CoreVideo.framework; path = /System/Library/Frameworks/CoreVideo.framework; sourceTree = "<absolute>"; };
		E7E077E715D3B6510020DFD4 /* QTKit.framework */ = {isa = PBXFileReference; lastKnownFileType = wrapper.framework; name = QTKit.framework; path = /System/Library/Frameworks/QTKit.framework; sourceTree = "<absolute>"; };
		E7F985F515E0DE99003869B5 /* Accelerate.framework */ = {isa = PBXFileReference; lastKnownFileType = wrapper.framework; name = Accelerate.framework; path = /System/Library/Frameworks/Accelerate.framework; sourceTree = "<absolute>"; };
		E8DC647BF388F97A4F50B2E3 /* ofxUISlider.h */ = {isa = PBXFileReference; explicitFileType = sourcecode.c.h; fileEncoding = 30; name = ofxUISlider.h; path = ../../addons/ofxUI/src/ofxUISlider.h; sourceTree = SOURCE_ROOT; };
		E9F88CD42BB044F2266BD3B6 /* OscTypes.h */ = {isa = PBXFileReference; explicitFileType = sourcecode.c.h; fileEncoding = 30; name = OscTypes.h; path = ../../addons/ofxOsc/libs/oscpack/src/osc/OscTypes.h; sourceTree = SOURCE_ROOT; };
		EAFA8681058B5F1F30BFFD60 /* ofxOscArg.h */ = {isa = PBXFileReference; explicitFileType = sourcecode.c.h; fileEncoding = 30; name = ofxOscArg.h; path = ../../addons/ofxOsc/src/ofxOscArg.h; sourceTree = SOURCE_ROOT; };
		EBD2EA438C51153A1BA3289D /* ofxUI2DGraph.cpp */ = {isa = PBXFileReference; explicitFileType = sourcecode.cpp.cpp; fileEncoding = 30; name = ofxUI2DGraph.cpp; path = ../../addons/ofxUI/src/ofxUI2DGraph.cpp; sourceTree = SOURCE_ROOT; };
		F16AA73D550AE2C263A5CE8C /* ofxUIImage.cpp */ = {isa = PBXFileReference; explicitFileType = sourcecode.cpp.cpp; fileEncoding = 30; name = ofxUIImage.cpp; path = ../../addons/ofxUI/src/ofxUIImage.cpp; sourceTree = SOURCE_ROOT; };
		F20DB77CFF47D59CAFCDF1DE /* ofxOscSender.h */ = {isa = PBXFileReference; explicitFileType = sourcecode.c.h; fileEncoding = 30; name = ofxOscSender.h; path = ../../addons/ofxOsc/src/ofxOscSender.h; sourceTree = SOURCE_ROOT; };
		F72D5263CF8609CF22E13BD6 /* NetworkingUtils.cpp */ = {isa = PBXFileReference; explicitFileType = sourcecode.cpp.cpp; fileEncoding = 30; name = NetworkingUtils.cpp; path = ../../addons/ofxOsc/libs/oscpack/src/ip/posix/NetworkingUtils.cpp; sourceTree = SOURCE_ROOT; };
		F995218DE3C753350D322868 /* ofxUIEventArgs.h */ = {isa = PBXFileReference; explicitFileType = sourcecode.c.h; fileEncoding = 30; name = ofxUIEventArgs.h; path = ../../addons/ofxUI/src/ofxUIEventArgs.h; sourceTree = SOURCE_ROOT; };
		F9DEE6E8B315A11A871C5C35 /* ofxUITextArea.h */ = {isa = PBXFileReference; explicitFileType = sourcecode.c.h; fileEncoding = 30; name = ofxUITextArea.h; path = ../../addons/ofxUI/src/ofxUITextArea.h; sourceTree = SOURCE_ROOT; };
		FE2D92C14FE7609908834AC0 /* unix.h */ = {isa = PBXFileReference; explicitFileType = sourcecode.c.h; fileEncoding = 30; name = unix.h; path = ../../addons/ofxThermalPrinter/src/impl/unix.h; sourceTree = SOURCE_ROOT; };
		FE6EB7A9C21C6431726F001C /* ofxOscMessage.h */ = {isa = PBXFileReference; explicitFileType = sourcecode.c.h; fileEncoding = 30; name = ofxOscMessage.h; path = ../../addons/ofxOsc/src/ofxOscMessage.h; sourceTree = SOURCE_ROOT; };
/* End PBXFileReference section */

/* Begin PBXFrameworksBuildPhase section */
		E4B69B590A3A1756003C02F2 /* Frameworks */ = {
			isa = PBXFrameworksBuildPhase;
			buildActionMask = 2147483647;
			files = (
				E7F985F815E0DEA3003869B5 /* Accelerate.framework in Frameworks */,
				E7E077E815D3B6510020DFD4 /* QTKit.framework in Frameworks */,
				E4EB6799138ADC1D00A09F29 /* GLUT.framework in Frameworks */,
				E4328149138ABC9F0047C5CB /* openFrameworksDebug.a in Frameworks */,
				E45BE97B0E8CC7DD009D7055 /* AGL.framework in Frameworks */,
				E45BE97C0E8CC7DD009D7055 /* ApplicationServices.framework in Frameworks */,
				E45BE97D0E8CC7DD009D7055 /* AudioToolbox.framework in Frameworks */,
				E45BE97F0E8CC7DD009D7055 /* CoreAudio.framework in Frameworks */,
				E45BE9800E8CC7DD009D7055 /* CoreFoundation.framework in Frameworks */,
				E45BE9810E8CC7DD009D7055 /* CoreServices.framework in Frameworks */,
				E45BE9830E8CC7DD009D7055 /* OpenGL.framework in Frameworks */,
				E45BE9840E8CC7DD009D7055 /* QuickTime.framework in Frameworks */,
				E4C2424710CC5A17004149E2 /* AppKit.framework in Frameworks */,
				E4C2424810CC5A17004149E2 /* Cocoa.framework in Frameworks */,
				E4C2424910CC5A17004149E2 /* IOKit.framework in Frameworks */,
				E7E077E515D3B63C0020DFD4 /* CoreVideo.framework in Frameworks */,
			);
			runOnlyForDeploymentPostprocessing = 0;
		};
/* End PBXFrameworksBuildPhase section */

/* Begin PBXGroup section */
		2ECD902C0FC04BCC03ADE5CD /* src */ = {
			isa = PBXGroup;
			children = (
				A4040CA956B1390EEE7B6856 /* impl */,
				C7A351A028B93BBEE2F08225 /* ofxThermalPrinter.cpp */,
				2A267354F115BD395EB6EC85 /* ofxThermalPrinter.h */,
				A23E433CAC3C1CFC95DB8BF6 /* serial.cc */,
				1BDE1DA5FD5B8618977DD50F /* serial.h */,
				30B9CA264511888D05E0E920 /* v8stdint.h */,
			);
			name = src;
			sourceTree = "<group>";
		};
		30CB364908817057B430D528 /* osc */ = {
			isa = PBXGroup;
			children = (
				3B55723F27EAD8859CBAA6F7 /* MessageMappingOscPacketListener.h */,
				4022FF071CA1A3876BA2A851 /* OscException.h */,
				9EA710687A480F98DDABF393 /* OscHostEndianness.h */,
				842C081DBEA090E7F737DF9A /* OscOutboundPacketStream.cpp */,
				DF354C691EEE9F314CC31547 /* OscOutboundPacketStream.h */,
				C0FF70300F4BCD9ED72D249B /* OscPacketListener.h */,
				C529D43984024AF697ABF518 /* OscPrintReceivedElements.cpp */,
				8C0215FD4B5831FD7F3F4B11 /* OscPrintReceivedElements.h */,
				01571FD18D74B633FA614437 /* OscReceivedElements.cpp */,
				798379B5500CA5F7564887DA /* OscReceivedElements.h */,
				0BF2C3D22217F4607658D67D /* OscTypes.cpp */,
				E9F88CD42BB044F2266BD3B6 /* OscTypes.h */,
			);
			name = osc;
			sourceTree = "<group>";
		};
		38871A5825686AE018EC2BF0 /* libs */ = {
			isa = PBXGroup;
			children = (
				86D2677079A3AF4A5A88E29A /* oscpack */,
			);
			name = libs;
			sourceTree = "<group>";
		};
		641362CA659FAFEE4E81001B /* posix */ = {
			isa = PBXGroup;
			children = (
				F72D5263CF8609CF22E13BD6 /* NetworkingUtils.cpp */,
				28BB671FAE846D1979E878D2 /* UdpSocket.cpp */,
			);
			name = posix;
			sourceTree = "<group>";
		};
		65A9A1751994252F00F3C2B2 /* ofxXmlSettings */ = {
			isa = PBXGroup;
			children = (
				65A9A1761994252F00F3C2B2 /* libs */,
				65A9A17B1994252F00F3C2B2 /* src */,
			);
			name = ofxXmlSettings;
			path = ../../addons/ofxXmlSettings;
			sourceTree = "<group>";
		};
		65A9A1761994252F00F3C2B2 /* libs */ = {
			isa = PBXGroup;
			children = (
				65A9A1771994252F00F3C2B2 /* tinyxml.cpp */,
				65A9A1781994252F00F3C2B2 /* tinyxml.h */,
				65A9A1791994252F00F3C2B2 /* tinyxmlerror.cpp */,
				65A9A17A1994252F00F3C2B2 /* tinyxmlparser.cpp */,
			);
			path = libs;
			sourceTree = "<group>";
		};
		65A9A17B1994252F00F3C2B2 /* src */ = {
			isa = PBXGroup;
			children = (
				65A9A17C1994252F00F3C2B2 /* ofxXmlSettings.cpp */,
				65A9A17D1994252F00F3C2B2 /* ofxXmlSettings.h */,
			);
			path = src;
			sourceTree = "<group>";
		};
		65EDFE9919A0F8630095AE6E /* ofxSQLiteCpp */ = {
			isa = PBXGroup;
			children = (
				65EDFEEC19A0F8640095AE6E /* libs */,
			);
			name = ofxSQLiteCpp;
			path = ../../addons/ofxSQLiteCpp;
			sourceTree = "<group>";
		};
		65EDFEEC19A0F8640095AE6E /* libs */ = {
			isa = PBXGroup;
			children = (
				65EDFEED19A0F8640095AE6E /* SQLiteCpp */,
			);
			path = libs;
			sourceTree = "<group>";
		};
		65EDFEED19A0F8640095AE6E /* SQLiteCpp */ = {
			isa = PBXGroup;
			children = (
				65EDFEEE19A0F8640095AE6E /* Doxyfile */,
				65EDFEEF19A0F8640095AE6E /* LICENSE.txt */,
				65EDFEF019A0F8640095AE6E /* README.md */,
				65EDFEF119A0F8640095AE6E /* sqlite3 */,
				65EDFEF519A0F8640095AE6E /* src */,
			);
			path = SQLiteCpp;
			sourceTree = "<group>";
		};
		65EDFEF119A0F8640095AE6E /* sqlite3 */ = {
			isa = PBXGroup;
			children = (
				65EDFEF219A0F8640095AE6E /* README.txt */,
				65EDFEF319A0F8640095AE6E /* sqlite3.c */,
				65EDFEF419A0F8640095AE6E /* sqlite3.h */,
			);
			path = sqlite3;
			sourceTree = "<group>";
		};
		65EDFEF519A0F8640095AE6E /* src */ = {
			isa = PBXGroup;
			children = (
				65EDFEF619A0F8640095AE6E /* Assertion.h */,
				65EDFEF719A0F8640095AE6E /* Column.cpp */,
				65EDFEF819A0F8640095AE6E /* Column.h */,
				65EDFEF919A0F8640095AE6E /* Database.cpp */,
				65EDFEFA19A0F8650095AE6E /* Database.h */,
				65EDFEFB19A0F8650095AE6E /* Exception.h */,
				65EDFEFC19A0F8650095AE6E /* SQLiteC++.h */,
				65EDFEFD19A0F8650095AE6E /* Statement.cpp */,
				65EDFEFE19A0F8650095AE6E /* Statement.h */,
				65EDFEFF19A0F8650095AE6E /* Transaction.cpp */,
				65EDFF0019A0F8650095AE6E /* Transaction.h */,
			);
			path = src;
			sourceTree = "<group>";
		};
		7A5FE121D3645C5252E80CBD /* ofxThermalPrinter */ = {
			isa = PBXGroup;
			children = (
				2ECD902C0FC04BCC03ADE5CD /* src */,
			);
			name = ofxThermalPrinter;
			sourceTree = "<group>";
		};
		86D2677079A3AF4A5A88E29A /* oscpack */ = {
			isa = PBXGroup;
			children = (
				D27B2221A225CA523C019676 /* src */,
			);
			name = oscpack;
			sourceTree = "<group>";
		};
		A4040CA956B1390EEE7B6856 /* impl */ = {
			isa = PBXGroup;
			children = (
				63875434A9786FDC700C3266 /* unix.cc */,
				FE2D92C14FE7609908834AC0 /* unix.h */,
				6F9AE469CBDD3712305BB8B9 /* win.cc */,
				7AE20E0B8380BCE541F79E8D /* win.h */,
			);
			name = impl;
			sourceTree = "<group>";
		};
		A492CE86424AB8905550BFD8 /* ofxUI */ = {
			isa = PBXGroup;
			children = (
				D60F85FE32E11F4003B80627 /* src */,
			);
			name = ofxUI;
			sourceTree = "<group>";
		};
		BA6760AC87647DD61A92BD41 /* win32 */ = {
			isa = PBXGroup;
			children = (
				CC9BEB01A3AF97A1D0D2A7D6 /* NetworkingUtilsWin.cpp */,
				AD6C661358D56B4498A8A9BD /* UdpSocketWin.cpp */,
			);
			name = win32;
			sourceTree = "<group>";
		};
		BB4B014C10F69532006C3DED /* addons */ = {
			isa = PBXGroup;
			children = (
				65EDFE9919A0F8630095AE6E /* ofxSQLiteCpp */,
				65A9A1751994252F00F3C2B2 /* ofxXmlSettings */,
				E6053AB7FEC63D5F83825B88 /* ofxOsc */,
				7A5FE121D3645C5252E80CBD /* ofxThermalPrinter */,
				A492CE86424AB8905550BFD8 /* ofxUI */,
			);
			name = addons;
			sourceTree = "<group>";
		};
		BBAB23C913894ECA00AA2426 /* system frameworks */ = {
			isa = PBXGroup;
			children = (
				E7F985F515E0DE99003869B5 /* Accelerate.framework */,
				E4C2424410CC5A17004149E2 /* AppKit.framework */,
				E4C2424510CC5A17004149E2 /* Cocoa.framework */,
				E4C2424610CC5A17004149E2 /* IOKit.framework */,
				E45BE9710E8CC7DD009D7055 /* AGL.framework */,
				E45BE9720E8CC7DD009D7055 /* ApplicationServices.framework */,
				E45BE9730E8CC7DD009D7055 /* AudioToolbox.framework */,
				E45BE9750E8CC7DD009D7055 /* CoreAudio.framework */,
				E45BE9760E8CC7DD009D7055 /* CoreFoundation.framework */,
				E45BE9770E8CC7DD009D7055 /* CoreServices.framework */,
				E45BE9790E8CC7DD009D7055 /* OpenGL.framework */,
				E45BE97A0E8CC7DD009D7055 /* QuickTime.framework */,
				E7E077E415D3B63C0020DFD4 /* CoreVideo.framework */,
				E7E077E715D3B6510020DFD4 /* QTKit.framework */,
			);
			name = "system frameworks";
			sourceTree = "<group>";
		};
		BBAB23CA13894EDB00AA2426 /* 3rd party frameworks */ = {
			isa = PBXGroup;
			children = (
				BBAB23BE13894E4700AA2426 /* GLUT.framework */,
			);
			name = "3rd party frameworks";
			sourceTree = "<group>";
		};
		BD2F1A9F8D0C05EDB29122D0 /* src */ = {
			isa = PBXGroup;
			children = (
				72D4615B3AB82B37F87B9AD7 /* ofxOsc.h */,
				EAFA8681058B5F1F30BFFD60 /* ofxOscArg.h */,
				673AFCBC7323D2A93120A7A2 /* ofxOscBundle.cpp */,
				BA90016CE138369172559774 /* ofxOscBundle.h */,
				8A844876A71DBD7546201CC6 /* ofxOscMessage.cpp */,
				FE6EB7A9C21C6431726F001C /* ofxOscMessage.h */,
				ACBFC30D00C04E86C8464ADE /* ofxOscParameterSync.cpp */,
				100BF3DD9598682646FF5BD3 /* ofxOscParameterSync.h */,
				B34D2935437BD95ED6DA2A59 /* ofxOscReceiver.cpp */,
				AC48EDC038E313154F0A3CEC /* ofxOscReceiver.h */,
				7B2BAA0F221902291E676F45 /* ofxOscSender.cpp */,
				F20DB77CFF47D59CAFCDF1DE /* ofxOscSender.h */,
			);
			name = src;
			sourceTree = "<group>";
		};
		D27B2221A225CA523C019676 /* src */ = {
			isa = PBXGroup;
			children = (
				FF8CDF57858E9B94E3237115 /* ip */,
				30CB364908817057B430D528 /* osc */,
			);
			name = src;
			sourceTree = "<group>";
		};
		D60F85FE32E11F4003B80627 /* src */ = {
			isa = PBXGroup;
			children = (
				4E547664906250BFDC05F022 /* ofxUI.h */,
				EBD2EA438C51153A1BA3289D /* ofxUI2DGraph.cpp */,
				5CB208870AA34373D99412C9 /* ofxUI2DGraph.h */,
				C1B9244B7D12ED7F3DA69968 /* ofxUI2DPad.cpp */,
				1E1B1EDCC8EBFD6C27F5F577 /* ofxUI2DPad.h */,
				CD404B60813848D2BE4A66AE /* ofxUIBaseDraws.cpp */,
				3A7E44FE520FCB97E4B4496F /* ofxUIBaseDraws.h */,
				8426DEE8323E5091D3C95D7E /* ofxUIBiLabelSlider.cpp */,
				36B84C19F7D43A4B625AFA5A /* ofxUIBiLabelSlider.h */,
				6183DF553DAE91BAF104F03D /* ofxUIButton.cpp */,
				5F52AB39AEEC58B400DF6102 /* ofxUIButton.h */,
				6F8DEBB04960E223982CDABF /* ofxUICanvas.cpp */,
				5E149197EA3B654BD060CA10 /* ofxUICanvas.h */,
				5F26449247C755E7EAA51AC0 /* ofxUICircleSlider.cpp */,
				99FB7AEB9595384CD225B284 /* ofxUICircleSlider.h */,
				A5874FC297274C6D52ADAFE8 /* ofxUIDefines.h */,
				61CF7239F6DF326C4C318080 /* ofxUIDragableLabelButton.cpp */,
				043C1D7EE93333348C2622C2 /* ofxUIDragableLabelButton.h */,
				E6F14E0E6167B8EFCC93EA36 /* ofxUIDropDownList.cpp */,
				479B8C0AA4993B701EB44C71 /* ofxUIDropDownList.h */,
				861A0D1D403744FE7C165A18 /* ofxUIEventArgs.cpp */,
				F995218DE3C753350D322868 /* ofxUIEventArgs.h */,
				4862F6D92D00C0AA3ADE1420 /* ofxUIFPS.cpp */,
				967A40A2A5B3228871EDC021 /* ofxUIFPS.h */,
				B7C62C5CC37F5F9A5F739E0C /* ofxUIFPSSlider.cpp */,
				A2A21BEF344AF207FD58307E /* ofxUIFPSSlider.h */,
				F16AA73D550AE2C263A5CE8C /* ofxUIImage.cpp */,
				AC6934782B58324470BBED72 /* ofxUIImage.h */,
				24718F8E7FD5DC549AC1AA47 /* ofxUIImageButton.cpp */,
				576629C87C4417183C405D09 /* ofxUIImageButton.h */,
				6D619D03F7DEBBAD847CEAF2 /* ofxUIImageSampler.cpp */,
				415175069A2C731233A74D76 /* ofxUIImageSampler.h */,
				B4939CD16E34BD4D2BCE2876 /* ofxUIImageSlider.cpp */,
				C624A95FF974E0F40F86E3F0 /* ofxUIImageSlider.h */,
				61DFC02CBB5E24B36F4E0710 /* ofxUIImageToggle.cpp */,
				1FDE58427019F9D7BF32E03D /* ofxUIImageToggle.h */,
				9867DBDADFC90454A11A5219 /* ofxUILabel.cpp */,
				789FBFD56A572E7AA9033A0F /* ofxUILabel.h */,
				2DD07F19C62EE9FB0D66A9D5 /* ofxUILabelButton.cpp */,
				53FF73035BE2E954FBF4BE08 /* ofxUILabelButton.h */,
				CD90DE7AFF324F6E88F9E812 /* ofxUILabelToggle.cpp */,
				1EC8F090F53493B67CD75AC4 /* ofxUILabelToggle.h */,
				1122629B63D710D5689A89C1 /* ofxUIMinimalSlider.cpp */,
				ADF148F642E48CD7CA4F313D /* ofxUIMinimalSlider.h */,
				D552F5388348F2046FCE61EE /* ofxUIMovingGraph.cpp */,
				5350630C1B457BA3A390A078 /* ofxUIMovingGraph.h */,
				9BB93D8C9F763F71ACE84464 /* ofxUIMultiImageButton.cpp */,
				3D15B7EEFA976CE14E401B94 /* ofxUIMultiImageButton.h */,
				AFCFF09A67D81C29E9E99221 /* ofxUIMultiImageToggle.cpp */,
				560D9DAB5CEE909F2867D6BB /* ofxUIMultiImageToggle.h */,
				C8149463B006FA2747A85DD5 /* ofxUINumberDialer.cpp */,
				9F965786DA5C49F1281ACC4B /* ofxUINumberDialer.h */,
				153F60E33CCCB6E2FF9CE543 /* ofxUIOFWrapper.h */,
				87BF799582426E0FCE091B4D /* ofxUIRadio.cpp */,
				1D62E92EF3FAA346CCAE6E56 /* ofxUIRadio.h */,
				863D6F252A05AA07800F2CFF /* ofxUIRangeSlider.cpp */,
				B008629D26F85943203C07F1 /* ofxUIRangeSlider.h */,
				E1F00C0A33A53C25F1DB941D /* ofxUIRectangle.cpp */,
				20C5041FA4F482ADA1FE2160 /* ofxUIRectangle.h */,
				906E665F34821337AEC29259 /* ofxUIRotarySlider.cpp */,
				C00604062A98308D76FED411 /* ofxUIRotarySlider.h */,
				D003D0F521227F2B878809BB /* ofxUIScrollableCanvas.cpp */,
				D3D48BE1E56BD5B29F7E8F6A /* ofxUIScrollableCanvas.h */,
				28E8BDC9D17CC55DB15C7D17 /* ofxUISlider.cpp */,
				E8DC647BF388F97A4F50B2E3 /* ofxUISlider.h */,
				76EA76EF69563B46ED98941F /* ofxUISortableList.cpp */,
				920B07E247B2B941C9B524D3 /* ofxUISortableList.h */,
				D9ADFD76185380F92E3FEF5E /* ofxUISpacer.cpp */,
				B3991F7900D430BF76443B29 /* ofxUISpacer.h */,
				169DE09B3A680C1DC51E3644 /* ofxUISpectrum.cpp */,
				A445B36C656236A1A27845A9 /* ofxUISpectrum.h */,
				29ECC02C053DC28A0DC2D3E8 /* ofxUISuperCanvas.cpp */,
				5ABFCCE3E986527E0EC07CAC /* ofxUISuperCanvas.h */,
				BC43470B7D289E90E70C61A2 /* ofxUITabBar.cpp */,
				D5A4BDE27CF5055566DAF7D8 /* ofxUITabBar.h */,
				D6D1523417F24DDFE3107A52 /* ofxUITextArea.cpp */,
				F9DEE6E8B315A11A871C5C35 /* ofxUITextArea.h */,
				803B54F6633FF3557A0F7505 /* ofxUITextInput.cpp */,
				831C7B7BC9977F792D57B71C /* ofxUITextInput.h */,
				B68FD4DF6A744EF169399F04 /* ofxUIToggle.cpp */,
				49FEE394311609C054B9E542 /* ofxUIToggle.h */,
				28CC463EBB5EC807618BE9D6 /* ofxUIToggleMatrix.cpp */,
				B03FDD8665F88C8B976B2A25 /* ofxUIToggleMatrix.h */,
				36E1E909D582566C644BBF3C /* ofxUIUtils.h */,
				AA57C569E83388C237E8762B /* ofxUIValuePlotter.cpp */,
				9A44F01FC5962D8E26554D07 /* ofxUIValuePlotter.h */,
				8B0B91449B395C88BAC92CA8 /* ofxUIWaveform.cpp */,
				739311BF504374DAF2859C5B /* ofxUIWaveform.h */,
				34D3CEB701ADE58D28B9E792 /* ofxUIWidget.cpp */,
				909BE08E20AFD97822A0FECF /* ofxUIWidget.h */,
				806CC7C260DCA74E4EDEBFA8 /* ofxUIWidgets.h */,
				36D88A44128C08168EC11AC1 /* ofxUIWidgetWithLabel.cpp */,
				8D29E0464B30FF2C7BA9F264 /* ofxUIWidgetWithLabel.h */,
				8444A08DD4FC6838F76C6103 /* ofxUIWrapper.h */,
			);
			name = src;
			sourceTree = "<group>";
		};
		E4328144138ABC890047C5CB /* Products */ = {
			isa = PBXGroup;
			children = (
				E4328148138ABC890047C5CB /* openFrameworksDebug.a */,
			);
			name = Products;
			sourceTree = "<group>";
		};
		E45BE5980E8CC70C009D7055 /* frameworks */ = {
			isa = PBXGroup;
			children = (
				BBAB23CA13894EDB00AA2426 /* 3rd party frameworks */,
				BBAB23C913894ECA00AA2426 /* system frameworks */,
			);
			name = frameworks;
			sourceTree = "<group>";
		};
		E4B69B4A0A3A1720003C02F2 = {
			isa = PBXGroup;
			children = (
				E4B6FCAD0C3E899E008CF71C /* openFrameworks-Info.plist */,
				E4EB6923138AFD0F00A09F29 /* Project.xcconfig */,
				E4B69E1C0A3A1BDC003C02F2 /* src */,
				E4EEC9E9138DF44700A80321 /* openFrameworks */,
				BB4B014C10F69532006C3DED /* addons */,
				E45BE5980E8CC70C009D7055 /* frameworks */,
				E4B69B5B0A3A1756003C02F2 /* DynaDashDebug.app */,
			);
			sourceTree = "<group>";
		};
		E4B69E1C0A3A1BDC003C02F2 /* src */ = {
			isa = PBXGroup;
			children = (
				E4B69E1D0A3A1BDC003C02F2 /* main.cpp */,
				E4B69E1E0A3A1BDC003C02F2 /* ofApp.cpp */,
				E4B69E1F0A3A1BDC003C02F2 /* ofApp.h */,
				65EDFF2219A0FA930095AE6E /* Analyzer.cpp */,
				65EDFF2319A0FA930095AE6E /* Analyzer.h */,
				65EDFF2819A0FAD70095AE6E /* AudioInput.cpp */,
				65EDFF2919A0FAD70095AE6E /* AudioInput.h */,
				65EDFF2B19A0FAE80095AE6E /* VideoInput.cpp */,
				65EDFF2C19A0FAE80095AE6E /* VideoInput.h */,
				65EDFF2E19A0FAF70095AE6E /* Feedback.cpp */,
				65EDFF2F19A0FAF70095AE6E /* Feedback.h */,
			);
			path = src;
			sourceTree = SOURCE_ROOT;
		};
		E4EEC9E9138DF44700A80321 /* openFrameworks */ = {
			isa = PBXGroup;
			children = (
				E4EB691F138AFCF100A09F29 /* CoreOF.xcconfig */,
				E4328143138ABC890047C5CB /* openFrameworksLib.xcodeproj */,
			);
			name = openFrameworks;
			sourceTree = "<group>";
		};
		E6053AB7FEC63D5F83825B88 /* ofxOsc */ = {
			isa = PBXGroup;
			children = (
				BD2F1A9F8D0C05EDB29122D0 /* src */,
				38871A5825686AE018EC2BF0 /* libs */,
			);
			name = ofxOsc;
			sourceTree = "<group>";
		};
		FF8CDF57858E9B94E3237115 /* ip */ = {
			isa = PBXGroup;
			children = (
				6EE05DD94DAD5D94142391A8 /* IpEndpointName.cpp */,
				4F391C9D0C1047F7AF187430 /* IpEndpointName.h */,
				AD0216BF26CD893E2E0F744F /* NetworkingUtils.h */,
				8459ADDE9BE295D9680AD4EC /* PacketListener.h */,
				641362CA659FAFEE4E81001B /* posix */,
				07240315F2210E6D0CA4BB3C /* TimerListener.h */,
				3E0F10E10AB43DDC035DF087 /* UdpSocket.h */,
				BA6760AC87647DD61A92BD41 /* win32 */,
			);
			name = ip;
			sourceTree = "<group>";
		};
/* End PBXGroup section */

/* Begin PBXNativeTarget section */
		E4B69B5A0A3A1756003C02F2 /* DynaDash */ = {
			isa = PBXNativeTarget;
			buildConfigurationList = E4B69B5F0A3A1757003C02F2 /* Build configuration list for PBXNativeTarget "DynaDash" */;
			buildPhases = (
				E4B69B580A3A1756003C02F2 /* Sources */,
				E4B69B590A3A1756003C02F2 /* Frameworks */,
				E4B6FFFD0C3F9AB9008CF71C /* ShellScript */,
				E4C2427710CC5ABF004149E2 /* CopyFiles */,
			);
			buildRules = (
			);
			dependencies = (
				E4EEB9AC138B136A00A80321 /* PBXTargetDependency */,
			);
			name = DynaDash;
			productName = myOFApp;
			productReference = E4B69B5B0A3A1756003C02F2 /* DynaDashDebug.app */;
			productType = "com.apple.product-type.application";
		};
/* End PBXNativeTarget section */

/* Begin PBXProject section */
		E4B69B4C0A3A1720003C02F2 /* Project object */ = {
			isa = PBXProject;
			attributes = {
				LastUpgradeCheck = 0460;
			};
			buildConfigurationList = E4B69B4D0A3A1720003C02F2 /* Build configuration list for PBXProject "DynaDash" */;
			compatibilityVersion = "Xcode 3.2";
			developmentRegion = English;
			hasScannedForEncodings = 0;
			knownRegions = (
				English,
				Japanese,
				French,
				German,
			);
			mainGroup = E4B69B4A0A3A1720003C02F2;
			productRefGroup = E4B69B4A0A3A1720003C02F2;
			projectDirPath = "";
			projectReferences = (
				{
					ProductGroup = E4328144138ABC890047C5CB /* Products */;
					ProjectRef = E4328143138ABC890047C5CB /* openFrameworksLib.xcodeproj */;
				},
			);
			projectRoot = "";
			targets = (
				E4B69B5A0A3A1756003C02F2 /* DynaDash */,
			);
		};
/* End PBXProject section */

/* Begin PBXReferenceProxy section */
		E4328148138ABC890047C5CB /* openFrameworksDebug.a */ = {
			isa = PBXReferenceProxy;
			fileType = archive.ar;
			path = openFrameworksDebug.a;
			remoteRef = E4328147138ABC890047C5CB /* PBXContainerItemProxy */;
			sourceTree = BUILT_PRODUCTS_DIR;
		};
/* End PBXReferenceProxy section */

/* Begin PBXShellScriptBuildPhase section */
		E4B6FFFD0C3F9AB9008CF71C /* ShellScript */ = {
			isa = PBXShellScriptBuildPhase;
			buildActionMask = 2147483647;
			files = (
			);
			inputPaths = (
			);
			outputPaths = (
			);
			runOnlyForDeploymentPostprocessing = 0;
			shellPath = /bin/sh;
			shellScript = "cp -f ../../libs/fmodex/lib/osx/libfmodex.dylib \"$TARGET_BUILD_DIR/$PRODUCT_NAME.app/Contents/MacOS/libfmodex.dylib\"; install_name_tool -change ./libfmodex.dylib @executable_path/libfmodex.dylib \"$TARGET_BUILD_DIR/$PRODUCT_NAME.app/Contents/MacOS/$PRODUCT_NAME\";\nmkdir -p \"$TARGET_BUILD_DIR/$PRODUCT_NAME.app/Contents/Resources/\"\ncp -f \"$ICON_FILE\" \"$TARGET_BUILD_DIR/$PRODUCT_NAME.app/Contents/Resources/\"\n";
		};
/* End PBXShellScriptBuildPhase section */

/* Begin PBXSourcesBuildPhase section */
		E4B69B580A3A1756003C02F2 /* Sources */ = {
			isa = PBXSourcesBuildPhase;
			buildActionMask = 2147483647;
			files = (
				E4B69E200A3A1BDC003C02F2 /* main.cpp in Sources */,
				65EDFF2A19A0FAD70095AE6E /* AudioInput.cpp in Sources */,
				E4B69E210A3A1BDC003C02F2 /* ofApp.cpp in Sources */,
				40F8E3F7627F83C74FD9086A /* ofxOscBundle.cpp in Sources */,
				6C503756DAFDCF2FEEE0EAA0 /* ofxOscMessage.cpp in Sources */,
				DBB73811B127DAE7DE28C895 /* ofxOscParameterSync.cpp in Sources */,
				6F2D739BB67B61B0D43AB5BD /* ofxOscReceiver.cpp in Sources */,
				65A9A17E1994252F00F3C2B2 /* tinyxml.cpp in Sources */,
				866ACEB977FAB3191AD48906 /* ofxOscSender.cpp in Sources */,
				E717C5A73BE4076EDBC728DC /* IpEndpointName.cpp in Sources */,
				F0509CA2E805D1D5F70A87D0 /* NetworkingUtils.cpp in Sources */,
				C9651B24B869083F299EFA4D /* UdpSocket.cpp in Sources */,
				AF2ED92310AA8151DD57C8E7 /* NetworkingUtilsWin.cpp in Sources */,
				CB41FEEB32458564AD78EE87 /* UdpSocketWin.cpp in Sources */,
				A857235EB7F8624F0C02D157 /* OscOutboundPacketStream.cpp in Sources */,
				65A9A1811994252F00F3C2B2 /* ofxXmlSettings.cpp in Sources */,
				9753D2F373BDF97B89D59B33 /* OscPrintReceivedElements.cpp in Sources */,
				65EDFF1019A0F8650095AE6E /* Statement.cpp in Sources */,
				65A9A1801994252F00F3C2B2 /* tinyxmlparser.cpp in Sources */,
				F95B04FD042E7407B70EE321 /* OscReceivedElements.cpp in Sources */,
				014058944CFE6AE1A2171D12 /* OscTypes.cpp in Sources */,
				C15AE7D09EDBDDDA86890752 /* unix.cc in Sources */,
				003D204D25082161368113CC /* win.cc in Sources */,
				E94245483DA0C0517C9FED44 /* ofxThermalPrinter.cpp in Sources */,
				33A7D5300E08636D9C415964 /* serial.cc in Sources */,
				963A4D13E79E8425C67C6866 /* ofxUI2DGraph.cpp in Sources */,
				6823F4B976F27134DE4475CF /* ofxUI2DPad.cpp in Sources */,
				D312F950BA61735F52FF6814 /* ofxUIBaseDraws.cpp in Sources */,
				859B80508E444B57021FF05D /* ofxUIBiLabelSlider.cpp in Sources */,
				90F3D053D0B988FCD8E0665A /* ofxUIButton.cpp in Sources */,
				F6F0633CD7D88D9DDB943CA5 /* ofxUICanvas.cpp in Sources */,
				915E00F530CD3B6206148185 /* ofxUICircleSlider.cpp in Sources */,
				ADB17A4B0E391BA45F94A7AA /* ofxUIDragableLabelButton.cpp in Sources */,
				8C067B5A6FF15ECF56D639B3 /* ofxUIDropDownList.cpp in Sources */,
				7F2D0D9078C18F0E356FB31D /* ofxUIEventArgs.cpp in Sources */,
				2AF670D1984FB850CD130ECD /* ofxUIFPS.cpp in Sources */,
				B2C9DA5ADE105E40685A3FE4 /* ofxUIFPSSlider.cpp in Sources */,
				65EDFF0D19A0F8650095AE6E /* sqlite3.c in Sources */,
				E32C6061AB40A7B95A2D5F06 /* ofxUIImage.cpp in Sources */,
				1E1525D2ECDC75EA4BC22D91 /* ofxUIImageButton.cpp in Sources */,
				3A160602504FC7ADC66D539F /* ofxUIImageSampler.cpp in Sources */,
				884140A60B4F61F22809ACFE /* ofxUIImageSlider.cpp in Sources */,
				E9169FACA5153089A1CC1328 /* ofxUIImageToggle.cpp in Sources */,
				1008E12EC52F9A6735082236 /* ofxUILabel.cpp in Sources */,
				65EDFF0F19A0F8650095AE6E /* Database.cpp in Sources */,
				E06EF7AB64E5290D0B6665C2 /* ofxUILabelButton.cpp in Sources */,
				65EDFF2419A0FA930095AE6E /* Analyzer.cpp in Sources */,
				45856715D4FD8D39DDB28D6A /* ofxUILabelToggle.cpp in Sources */,
				50D8C5FF197A82D63F6A764E /* ofxUIMinimalSlider.cpp in Sources */,
				833CDA797CF361303BB73FF2 /* ofxUIMovingGraph.cpp in Sources */,
				4BD0236D01EC29BB1805C576 /* ofxUIMultiImageButton.cpp in Sources */,
				2D2B3E5C037E3973CE36A766 /* ofxUIMultiImageToggle.cpp in Sources */,
				81D8958D98E7BB7EBA1541AF /* ofxUINumberDialer.cpp in Sources */,
				56EE6128358C378992FA0696 /* ofxUIRadio.cpp in Sources */,
				C93D3E65FCD0C141D7C384A4 /* ofxUIRangeSlider.cpp in Sources */,
				BE25035A8B1C9C8DFFD50858 /* ofxUIRectangle.cpp in Sources */,
				9FCE97BCDE144A0E12FAE873 /* ofxUIRotarySlider.cpp in Sources */,
				48CB745AADCB92C62D93FCAC /* ofxUIScrollableCanvas.cpp in Sources */,
				B697A6C31D28846FEBF087AF /* ofxUISlider.cpp in Sources */,
				8D3B3305C87C3AA654BC3249 /* ofxUISortableList.cpp in Sources */,
				65EDFF1119A0F8650095AE6E /* Transaction.cpp in Sources */,
				125939C91D0148773985F009 /* ofxUISpacer.cpp in Sources */,
				65A9A17F1994252F00F3C2B2 /* tinyxmlerror.cpp in Sources */,
				17CAD9309C83489C190653B6 /* ofxUISpectrum.cpp in Sources */,
				FEAB15D67012B8BFC2A9D969 /* ofxUISuperCanvas.cpp in Sources */,
				F5553C592E53CD1DB11CCB29 /* ofxUITabBar.cpp in Sources */,
				E0D024842704B98C29AFD72D /* ofxUITextArea.cpp in Sources */,
				C9D9F5077806966A166750A1 /* ofxUITextInput.cpp in Sources */,
				65EDFF0E19A0F8650095AE6E /* Column.cpp in Sources */,
				E3F47921429D40F5AFB5B211 /* ofxUIToggle.cpp in Sources */,
				BDB249B426913C517C2CCE5B /* ofxUIToggleMatrix.cpp in Sources */,
				7F374B126052C645BC8825A7 /* ofxUIValuePlotter.cpp in Sources */,
				78D58CC3C4BDA2D3D0CA8D31 /* ofxUIWaveform.cpp in Sources */,
				D65873F81B07E92213914E5F /* ofxUIWidget.cpp in Sources */,
				65EDFF2D19A0FAE80095AE6E /* VideoInput.cpp in Sources */,
				F265FF0B49705768728F4D75 /* ofxUIWidgetWithLabel.cpp in Sources */,
				65EDFF3019A0FAF70095AE6E /* Feedback.cpp in Sources */,
			);
			runOnlyForDeploymentPostprocessing = 0;
		};
/* End PBXSourcesBuildPhase section */

/* Begin PBXTargetDependency section */
		E4EEB9AC138B136A00A80321 /* PBXTargetDependency */ = {
			isa = PBXTargetDependency;
			name = openFrameworks;
			targetProxy = E4EEB9AB138B136A00A80321 /* PBXContainerItemProxy */;
		};
/* End PBXTargetDependency section */

/* Begin XCBuildConfiguration section */
		E4B69B4E0A3A1720003C02F2 /* Debug */ = {
			isa = XCBuildConfiguration;
			baseConfigurationReference = E4EB6923138AFD0F00A09F29 /* Project.xcconfig */;
			buildSettings = {
				ARCHS = "$(NATIVE_ARCH)";
				CONFIGURATION_BUILD_DIR = "$(SRCROOT)/bin/";
				COPY_PHASE_STRIP = NO;
				DEAD_CODE_STRIPPING = YES;
				GCC_AUTO_VECTORIZATION = YES;
				GCC_ENABLE_SSE3_EXTENSIONS = YES;
				GCC_ENABLE_SUPPLEMENTAL_SSE3_INSTRUCTIONS = YES;
				GCC_INLINES_ARE_PRIVATE_EXTERN = NO;
				GCC_OPTIMIZATION_LEVEL = 0;
				GCC_SYMBOLS_PRIVATE_EXTERN = NO;
				GCC_WARN_ABOUT_DEPRECATED_FUNCTIONS = YES;
				GCC_WARN_ABOUT_INVALID_OFFSETOF_MACRO = NO;
				GCC_WARN_ALLOW_INCOMPLETE_PROTOCOL = NO;
				GCC_WARN_UNINITIALIZED_AUTOS = NO;
				GCC_WARN_UNUSED_VALUE = NO;
				GCC_WARN_UNUSED_VARIABLE = NO;
				HEADER_SEARCH_PATHS = (
					"$(OF_CORE_HEADERS)",
					../../addons/ofxOsc/libs,
					../../addons/ofxOsc/libs/oscpack,
					../../addons/ofxOsc/libs/oscpack/src,
					../../addons/ofxOsc/libs/oscpack/src/ip,
					../../addons/ofxOsc/libs/oscpack/src/ip/posix,
					../../addons/ofxOsc/libs/oscpack/src/ip/win32,
					../../addons/ofxOsc/libs/oscpack/src/osc,
					../../addons/ofxOsc/src,
					../../addons/ofxThermalPrinter/libs,
					../../addons/ofxThermalPrinter/src,
					../../addons/ofxThermalPrinter/src/impl,
					../../addons/ofxUI/libs,
					../../addons/ofxUI/src,
				);
				MACOSX_DEPLOYMENT_TARGET = 10.6;
				OTHER_CPLUSPLUSFLAGS = (
					"-D__MACOSX_CORE__",
					"-lpthread",
					"-mtune=native",
				);
				SDKROOT = macosx;
			};
			name = Debug;
		};
		E4B69B4F0A3A1720003C02F2 /* Release */ = {
			isa = XCBuildConfiguration;
			baseConfigurationReference = E4EB6923138AFD0F00A09F29 /* Project.xcconfig */;
			buildSettings = {
				ARCHS = "$(NATIVE_ARCH)";
				CONFIGURATION_BUILD_DIR = "$(SRCROOT)/bin/";
				COPY_PHASE_STRIP = YES;
				DEAD_CODE_STRIPPING = YES;
				GCC_AUTO_VECTORIZATION = YES;
				GCC_ENABLE_SSE3_EXTENSIONS = YES;
				GCC_ENABLE_SUPPLEMENTAL_SSE3_INSTRUCTIONS = YES;
				GCC_INLINES_ARE_PRIVATE_EXTERN = NO;
				GCC_OPTIMIZATION_LEVEL = 3;
				GCC_SYMBOLS_PRIVATE_EXTERN = NO;
				GCC_UNROLL_LOOPS = YES;
				GCC_WARN_ABOUT_DEPRECATED_FUNCTIONS = YES;
				GCC_WARN_ABOUT_INVALID_OFFSETOF_MACRO = NO;
				GCC_WARN_ALLOW_INCOMPLETE_PROTOCOL = NO;
				GCC_WARN_UNINITIALIZED_AUTOS = NO;
				GCC_WARN_UNUSED_VALUE = NO;
				GCC_WARN_UNUSED_VARIABLE = NO;
				HEADER_SEARCH_PATHS = (
					"$(OF_CORE_HEADERS)",
					../../addons/ofxOsc/libs,
					../../addons/ofxOsc/libs/oscpack,
					../../addons/ofxOsc/libs/oscpack/src,
					../../addons/ofxOsc/libs/oscpack/src/ip,
					../../addons/ofxOsc/libs/oscpack/src/ip/posix,
					../../addons/ofxOsc/libs/oscpack/src/ip/win32,
					../../addons/ofxOsc/libs/oscpack/src/osc,
					../../addons/ofxOsc/src,
					../../addons/ofxThermalPrinter/libs,
					../../addons/ofxThermalPrinter/src,
					../../addons/ofxThermalPrinter/src/impl,
					../../addons/ofxUI/libs,
					../../addons/ofxUI/src,
				);
				MACOSX_DEPLOYMENT_TARGET = 10.6;
				OTHER_CPLUSPLUSFLAGS = (
					"-D__MACOSX_CORE__",
					"-lpthread",
					"-mtune=native",
				);
				SDKROOT = macosx;
			};
			name = Release;
		};
		E4B69B600A3A1757003C02F2 /* Debug */ = {
			isa = XCBuildConfiguration;
			buildSettings = {
				COMBINE_HIDPI_IMAGES = YES;
				COPY_PHASE_STRIP = NO;
				FRAMEWORK_SEARCH_PATHS = (
					"$(inherited)",
					"$(FRAMEWORK_SEARCH_PATHS_QUOTED_FOR_TARGET_1)",
				);
				FRAMEWORK_SEARCH_PATHS_QUOTED_FOR_TARGET_1 = "\"$(SRCROOT)/../../libs/glut/lib/osx\"";
				GCC_DYNAMIC_NO_PIC = NO;
				GCC_GENERATE_DEBUGGING_SYMBOLS = YES;
				GCC_MODEL_TUNING = NONE;
				ICON = "$(ICON_NAME_DEBUG)";
				ICON_FILE = "$(ICON_FILE_PATH)$(ICON)";
				INFOPLIST_FILE = "openFrameworks-Info.plist";
				INSTALL_PATH = "$(HOME)/Applications";
				LIBRARY_SEARCH_PATHS = (
					"$(inherited)",
					"$(LIBRARY_SEARCH_PATHS_QUOTED_FOR_TARGET_1)",
					"$(LIBRARY_SEARCH_PATHS_QUOTED_FOR_TARGET_2)",
					"$(LIBRARY_SEARCH_PATHS_QUOTED_FOR_TARGET_3)",
					"$(LIBRARY_SEARCH_PATHS_QUOTED_FOR_TARGET_4)",
					"$(LIBRARY_SEARCH_PATHS_QUOTED_FOR_TARGET_5)",
					"$(LIBRARY_SEARCH_PATHS_QUOTED_FOR_TARGET_6)",
					"$(LIBRARY_SEARCH_PATHS_QUOTED_FOR_TARGET_7)",
					"$(LIBRARY_SEARCH_PATHS_QUOTED_FOR_TARGET_8)",
					"$(LIBRARY_SEARCH_PATHS_QUOTED_FOR_TARGET_9)",
					"$(LIBRARY_SEARCH_PATHS_QUOTED_FOR_TARGET_10)",
					"$(LIBRARY_SEARCH_PATHS_QUOTED_FOR_TARGET_11)",
					"$(LIBRARY_SEARCH_PATHS_QUOTED_FOR_TARGET_12)",
					"$(LIBRARY_SEARCH_PATHS_QUOTED_FOR_TARGET_13)",
					"$(LIBRARY_SEARCH_PATHS_QUOTED_FOR_TARGET_14)",
					"$(LIBRARY_SEARCH_PATHS_QUOTED_FOR_TARGET_15)",
					"$(LIBRARY_SEARCH_PATHS_QUOTED_FOR_TARGET_2)",
					"$(LIBRARY_SEARCH_PATHS_QUOTED_FOR_TARGET_3)",
					"$(LIBRARY_SEARCH_PATHS_QUOTED_FOR_TARGET_7)",
					"$(LIBRARY_SEARCH_PATHS_QUOTED_FOR_TARGET_8)",
					"$(LIBRARY_SEARCH_PATHS_QUOTED_FOR_TARGET_9)",
					"$(LIBRARY_SEARCH_PATHS_QUOTED_FOR_TARGET_10)",
					"$(LIBRARY_SEARCH_PATHS_QUOTED_FOR_TARGET_11)",
					"$(LIBRARY_SEARCH_PATHS_QUOTED_FOR_TARGET_12)",
					"$(LIBRARY_SEARCH_PATHS_QUOTED_FOR_TARGET_13)",
					"$(LIBRARY_SEARCH_PATHS_QUOTED_FOR_TARGET_16)",
					"$(LIBRARY_SEARCH_PATHS_QUOTED_FOR_TARGET_17)",
					"$(LIBRARY_SEARCH_PATHS_QUOTED_FOR_TARGET_18)",
					"$(LIBRARY_SEARCH_PATHS_QUOTED_FOR_TARGET_19)",
					"$(LIBRARY_SEARCH_PATHS_QUOTED_FOR_TARGET_20)",
					"$(LIBRARY_SEARCH_PATHS_QUOTED_FOR_TARGET_21)",
					"$(LIBRARY_SEARCH_PATHS_QUOTED_FOR_TARGET_22)",
					"$(LIBRARY_SEARCH_PATHS_QUOTED_FOR_TARGET_23)",
					"$(LIBRARY_SEARCH_PATHS_QUOTED_FOR_TARGET_24)",
					"$(LIBRARY_SEARCH_PATHS_QUOTED_FOR_TARGET_25)",
					"$(LIBRARY_SEARCH_PATHS_QUOTED_FOR_TARGET_26)",
					"$(LIBRARY_SEARCH_PATHS_QUOTED_FOR_TARGET_27)",
					"$(LIBRARY_SEARCH_PATHS_QUOTED_FOR_TARGET_28)",
					"$(LIBRARY_SEARCH_PATHS_QUOTED_FOR_TARGET_29)",
					"$(LIBRARY_SEARCH_PATHS_QUOTED_FOR_TARGET_30)",
					"$(LIBRARY_SEARCH_PATHS_QUOTED_FOR_TARGET_31)",
					"$(LIBRARY_SEARCH_PATHS_QUOTED_FOR_TARGET_32)",
					"$(LIBRARY_SEARCH_PATHS_QUOTED_FOR_TARGET_33)",
					"$(LIBRARY_SEARCH_PATHS_QUOTED_FOR_TARGET_34)",
					"$(LIBRARY_SEARCH_PATHS_QUOTED_FOR_TARGET_35)",
					"$(LIBRARY_SEARCH_PATHS_QUOTED_FOR_TARGET_36)",
					"$(LIBRARY_SEARCH_PATHS_QUOTED_FOR_TARGET_37)",
					"$(LIBRARY_SEARCH_PATHS_QUOTED_FOR_TARGET_38)",
					"$(LIBRARY_SEARCH_PATHS_QUOTED_FOR_TARGET_39)",
					"$(LIBRARY_SEARCH_PATHS_QUOTED_FOR_TARGET_40)",
					"$(LIBRARY_SEARCH_PATHS_QUOTED_FOR_TARGET_41)",
					"$(LIBRARY_SEARCH_PATHS_QUOTED_FOR_TARGET_42)",
					"$(LIBRARY_SEARCH_PATHS_QUOTED_FOR_TARGET_43)",
					"$(LIBRARY_SEARCH_PATHS_QUOTED_FOR_TARGET_44)",
					"$(LIBRARY_SEARCH_PATHS_QUOTED_FOR_TARGET_45)",
					"$(LIBRARY_SEARCH_PATHS_QUOTED_FOR_TARGET_46)",
					"$(LIBRARY_SEARCH_PATHS_QUOTED_FOR_TARGET_47)",
					"$(LIBRARY_SEARCH_PATHS_QUOTED_FOR_TARGET_48)",
					"$(LIBRARY_SEARCH_PATHS_QUOTED_FOR_TARGET_49)",
					"$(LIBRARY_SEARCH_PATHS_QUOTED_FOR_TARGET_50)",
					"$(LIBRARY_SEARCH_PATHS_QUOTED_FOR_TARGET_51)",
					"$(LIBRARY_SEARCH_PATHS_QUOTED_FOR_TARGET_52)",
				);
				PRODUCT_NAME = "$(TARGET_NAME)Debug";
				WRAPPER_EXTENSION = app;
			};
			name = Debug;
		};
		E4B69B610A3A1757003C02F2 /* Release */ = {
			isa = XCBuildConfiguration;
			buildSettings = {
				COMBINE_HIDPI_IMAGES = YES;
				COPY_PHASE_STRIP = YES;
				FRAMEWORK_SEARCH_PATHS = (
					"$(inherited)",
					"$(FRAMEWORK_SEARCH_PATHS_QUOTED_FOR_TARGET_1)",
				);
				FRAMEWORK_SEARCH_PATHS_QUOTED_FOR_TARGET_1 = "\"$(SRCROOT)/../../libs/glut/lib/osx\"";
				GCC_GENERATE_DEBUGGING_SYMBOLS = YES;
				GCC_MODEL_TUNING = NONE;
				ICON = "$(ICON_NAME_RELEASE)";
				ICON_FILE = "$(ICON_FILE_PATH)$(ICON)";
				INFOPLIST_FILE = "openFrameworks-Info.plist";
				INSTALL_PATH = "$(HOME)/Applications";
				LIBRARY_SEARCH_PATHS = (
					"$(inherited)",
					"$(LIBRARY_SEARCH_PATHS_QUOTED_FOR_TARGET_1)",
					"$(LIBRARY_SEARCH_PATHS_QUOTED_FOR_TARGET_2)",
					"$(LIBRARY_SEARCH_PATHS_QUOTED_FOR_TARGET_3)",
					"$(LIBRARY_SEARCH_PATHS_QUOTED_FOR_TARGET_4)",
					"$(LIBRARY_SEARCH_PATHS_QUOTED_FOR_TARGET_5)",
					"$(LIBRARY_SEARCH_PATHS_QUOTED_FOR_TARGET_6)",
					"$(LIBRARY_SEARCH_PATHS_QUOTED_FOR_TARGET_7)",
					"$(LIBRARY_SEARCH_PATHS_QUOTED_FOR_TARGET_8)",
					"$(LIBRARY_SEARCH_PATHS_QUOTED_FOR_TARGET_9)",
					"$(LIBRARY_SEARCH_PATHS_QUOTED_FOR_TARGET_10)",
					"$(LIBRARY_SEARCH_PATHS_QUOTED_FOR_TARGET_11)",
					"$(LIBRARY_SEARCH_PATHS_QUOTED_FOR_TARGET_12)",
					"$(LIBRARY_SEARCH_PATHS_QUOTED_FOR_TARGET_13)",
					"$(LIBRARY_SEARCH_PATHS_QUOTED_FOR_TARGET_14)",
					"$(LIBRARY_SEARCH_PATHS_QUOTED_FOR_TARGET_15)",
					"$(LIBRARY_SEARCH_PATHS_QUOTED_FOR_TARGET_2)",
					"$(LIBRARY_SEARCH_PATHS_QUOTED_1)",
					"$(LIBRARY_SEARCH_PATHS_QUOTED_FOR_TARGET_3)",
					"$(LIBRARY_SEARCH_PATHS_QUOTED_FOR_TARGET_7)",
					"$(LIBRARY_SEARCH_PATHS_QUOTED_FOR_TARGET_8)",
					"$(LIBRARY_SEARCH_PATHS_QUOTED_FOR_TARGET_9)",
					"$(LIBRARY_SEARCH_PATHS_QUOTED_FOR_TARGET_10)",
					"$(LIBRARY_SEARCH_PATHS_QUOTED_FOR_TARGET_11)",
					"$(LIBRARY_SEARCH_PATHS_QUOTED_FOR_TARGET_12)",
					"$(LIBRARY_SEARCH_PATHS_QUOTED_FOR_TARGET_13)",
					"$(LIBRARY_SEARCH_PATHS_QUOTED_FOR_TARGET_16)",
					"$(LIBRARY_SEARCH_PATHS_QUOTED_FOR_TARGET_17)",
					"$(LIBRARY_SEARCH_PATHS_QUOTED_FOR_TARGET_18)",
					"$(LIBRARY_SEARCH_PATHS_QUOTED_FOR_TARGET_19)",
					"$(LIBRARY_SEARCH_PATHS_QUOTED_FOR_TARGET_20)",
					"$(LIBRARY_SEARCH_PATHS_QUOTED_FOR_TARGET_21)",
					"$(LIBRARY_SEARCH_PATHS_QUOTED_FOR_TARGET_22)",
					"$(LIBRARY_SEARCH_PATHS_QUOTED_FOR_TARGET_23)",
					"$(LIBRARY_SEARCH_PATHS_QUOTED_FOR_TARGET_24)",
					"$(LIBRARY_SEARCH_PATHS_QUOTED_FOR_TARGET_25)",
					"$(LIBRARY_SEARCH_PATHS_QUOTED_FOR_TARGET_26)",
					"$(LIBRARY_SEARCH_PATHS_QUOTED_FOR_TARGET_27)",
					"$(LIBRARY_SEARCH_PATHS_QUOTED_FOR_TARGET_28)",
					"$(LIBRARY_SEARCH_PATHS_QUOTED_FOR_TARGET_29)",
					"$(LIBRARY_SEARCH_PATHS_QUOTED_FOR_TARGET_30)",
					"$(LIBRARY_SEARCH_PATHS_QUOTED_FOR_TARGET_31)",
					"$(LIBRARY_SEARCH_PATHS_QUOTED_FOR_TARGET_32)",
					"$(LIBRARY_SEARCH_PATHS_QUOTED_FOR_TARGET_33)",
					"$(LIBRARY_SEARCH_PATHS_QUOTED_FOR_TARGET_34)",
					"$(LIBRARY_SEARCH_PATHS_QUOTED_FOR_TARGET_35)",
					"$(LIBRARY_SEARCH_PATHS_QUOTED_FOR_TARGET_36)",
					"$(LIBRARY_SEARCH_PATHS_QUOTED_FOR_TARGET_37)",
					"$(LIBRARY_SEARCH_PATHS_QUOTED_FOR_TARGET_38)",
					"$(LIBRARY_SEARCH_PATHS_QUOTED_FOR_TARGET_39)",
					"$(LIBRARY_SEARCH_PATHS_QUOTED_FOR_TARGET_40)",
					"$(LIBRARY_SEARCH_PATHS_QUOTED_FOR_TARGET_41)",
					"$(LIBRARY_SEARCH_PATHS_QUOTED_FOR_TARGET_42)",
					"$(LIBRARY_SEARCH_PATHS_QUOTED_FOR_TARGET_43)",
					"$(LIBRARY_SEARCH_PATHS_QUOTED_FOR_TARGET_44)",
					"$(LIBRARY_SEARCH_PATHS_QUOTED_FOR_TARGET_45)",
					"$(LIBRARY_SEARCH_PATHS_QUOTED_FOR_TARGET_46)",
					"$(LIBRARY_SEARCH_PATHS_QUOTED_FOR_TARGET_47)",
					"$(LIBRARY_SEARCH_PATHS_QUOTED_FOR_TARGET_48)",
					"$(LIBRARY_SEARCH_PATHS_QUOTED_FOR_TARGET_49)",
					"$(LIBRARY_SEARCH_PATHS_QUOTED_FOR_TARGET_50)",
					"$(LIBRARY_SEARCH_PATHS_QUOTED_FOR_TARGET_51)",
				);
				PRODUCT_NAME = "$(TARGET_NAME)";
				WRAPPER_EXTENSION = app;
			};
			name = Release;
		};
/* End XCBuildConfiguration section */

/* Begin XCConfigurationList section */
		E4B69B4D0A3A1720003C02F2 /* Build configuration list for PBXProject "DynaDash" */ = {
			isa = XCConfigurationList;
			buildConfigurations = (
				E4B69B4E0A3A1720003C02F2 /* Debug */,
				E4B69B4F0A3A1720003C02F2 /* Release */,
			);
			defaultConfigurationIsVisible = 0;
			defaultConfigurationName = Release;
		};
		E4B69B5F0A3A1757003C02F2 /* Build configuration list for PBXNativeTarget "DynaDash" */ = {
			isa = XCConfigurationList;
			buildConfigurations = (
				E4B69B600A3A1757003C02F2 /* Debug */,
				E4B69B610A3A1757003C02F2 /* Release */,
			);
			defaultConfigurationIsVisible = 0;
			defaultConfigurationName = Release;
		};
/* End XCConfigurationList section */
	};
	rootObject = E4B69B4C0A3A1720003C02F2 /* Project object */;
}
